<?xml version="1.0" encoding="UTF-8"?>
<Project ToolsVersion="12.0" xmlns="http://schemas.microsoft.com/developer/msbuild/2003">
  <ItemGroup>
    <ClCompile Include="G:\cocos2d-x-3.0-oh\cocos\editor-support\cocostudio\CCActionFrame.cpp">
      <Filter>Source Files</Filter>
    </ClCompile>
    <ClCompile Include="G:\cocos2d-x-3.0-oh\cocos\editor-support\cocostudio\CCActionFrameEasing.cpp">
      <Filter>Source Files</Filter>
    </ClCompile>
    <ClCompile Include="G:\cocos2d-x-3.0-oh\cocos\editor-support\cocostudio\CCActionManagerEx.cpp">
      <Filter>Source Files</Filter>
    </ClCompile>
    <ClCompile Include="G:\cocos2d-x-3.0-oh\cocos\editor-support\cocostudio\CCActionNode.cpp">
      <Filter>Source Files</Filter>
    </ClCompile>
    <ClCompile Include="G:\cocos2d-x-3.0-oh\cocos\editor-support\cocostudio\CCActionObject.cpp">
      <Filter>Source Files</Filter>
    </ClCompile>
    <ClCompile Include="G:\cocos2d-x-3.0-oh\cocos\editor-support\cocostudio\CCArmature.cpp">
      <Filter>Source Files</Filter>
    </ClCompile>
    <ClCompile Include="G:\cocos2d-x-3.0-oh\cocos\editor-support\cocostudio\CCBone.cpp">
      <Filter>Source Files</Filter>
    </ClCompile>
    <ClCompile Include="G:\cocos2d-x-3.0-oh\cocos\editor-support\cocostudio\CCArmatureAnimation.cpp">
      <Filter>Source Files</Filter>
    </ClCompile>
    <ClCompile Include="G:\cocos2d-x-3.0-oh\cocos\editor-support\cocostudio\CCProcessBase.cpp">
      <Filter>Source Files</Filter>
    </ClCompile>
    <ClCompile Include="G:\cocos2d-x-3.0-oh\cocos\editor-support\cocostudio\CCTween.cpp">
      <Filter>Source Files</Filter>
    </ClCompile>
    <ClCompile Include="G:\cocos2d-x-3.0-oh\cocos\editor-support\cocostudio\CCDatas.cpp">
      <Filter>Source Files</Filter>
    </ClCompile>
    <ClCompile Include="G:\cocos2d-x-3.0-oh\cocos\editor-support\cocostudio\CCBatchNode.cpp">
      <Filter>Source Files</Filter>
    </ClCompile>
    <ClCompile Include="G:\cocos2d-x-3.0-oh\cocos\editor-support\cocostudio\CCDecorativeDisplay.cpp">
      <Filter>Source Files</Filter>
    </ClCompile>
    <ClCompile Include="G:\cocos2d-x-3.0-oh\cocos\editor-support\cocostudio\CCDisplayFactory.cpp">
      <Filter>Source Files</Filter>
    </ClCompile>
    <ClCompile Include="G:\cocos2d-x-3.0-oh\cocos\editor-support\cocostudio\CCDisplayManager.cpp">
      <Filter>Source Files</Filter>
    </ClCompile>
    <ClCompile Include="G:\cocos2d-x-3.0-oh\cocos\editor-support\cocostudio\CCSkin.cpp">
      <Filter>Source Files</Filter>
    </ClCompile>
    <ClCompile Include="G:\cocos2d-x-3.0-oh\cocos\editor-support\cocostudio\CCColliderDetector.cpp">
      <Filter>Source Files</Filter>
    </ClCompile>
    <ClCompile Include="G:\cocos2d-x-3.0-oh\cocos\editor-support\cocostudio\CCArmatureDataManager.cpp">
      <Filter>Source Files</Filter>
    </ClCompile>
    <ClCompile Include="G:\cocos2d-x-3.0-oh\cocos\editor-support\cocostudio\CCArmatureDefine.cpp">
      <Filter>Source Files</Filter>
    </ClCompile>
    <ClCompile Include="G:\cocos2d-x-3.0-oh\cocos\editor-support\cocostudio\CCDataReaderHelper.cpp">
      <Filter>Source Files</Filter>
    </ClCompile>
    <ClCompile Include="G:\cocos2d-x-3.0-oh\cocos\editor-support\cocostudio\CCSpriteFrameCacheHelper.cpp">
      <Filter>Source Files</Filter>
    </ClCompile>
    <ClCompile Include="G:\cocos2d-x-3.0-oh\cocos\editor-support\cocostudio\CCTransformHelp.cpp">
      <Filter>Source Files</Filter>
    </ClCompile>
    <ClCompile Include="G:\cocos2d-x-3.0-oh\cocos\editor-support\cocostudio\CCUtilMath.cpp">
      <Filter>Source Files</Filter>
    </ClCompile>
    <ClCompile Include="G:\cocos2d-x-3.0-oh\cocos\editor-support\cocostudio\CCComAttribute.cpp">
      <Filter>Source Files</Filter>
    </ClCompile>
    <ClCompile Include="G:\cocos2d-x-3.0-oh\cocos\editor-support\cocostudio\CCComAudio.cpp">
      <Filter>Source Files</Filter>
    </ClCompile>
    <ClCompile Include="G:\cocos2d-x-3.0-oh\cocos\editor-support\cocostudio\CCComController.cpp">
      <Filter>Source Files</Filter>
    </ClCompile>
    <ClCompile Include="G:\cocos2d-x-3.0-oh\cocos\editor-support\cocostudio\CCComRender.cpp">
      <Filter>Source Files</Filter>
    </ClCompile>
    <ClCompile Include="G:\cocos2d-x-3.0-oh\cocos\editor-support\cocostudio\CCInputDelegate.cpp">
      <Filter>Source Files</Filter>
    </ClCompile>
    <ClCompile Include="G:\cocos2d-x-3.0-oh\cocos\editor-support\cocostudio\DictionaryHelper.cpp">
      <Filter>Source Files</Filter>
    </ClCompile>
    <ClCompile Include="G:\cocos2d-x-3.0-oh\cocos\editor-support\cocostudio\CCSGUIReader.cpp">
      <Filter>Source Files</Filter>
    </ClCompile>
    <ClCompile Include="G:\cocos2d-x-3.0-oh\cocos\editor-support\cocostudio\CCSSceneReader.cpp">
      <Filter>Source Files</Filter>
    </ClCompile>
    <ClCompile Include="G:\cocos2d-x-3.0-oh\cocos\editor-support\cocostudio\ObjectFactory.cpp">
      <Filter>Source Files</Filter>
    </ClCompile>
    <ClCompile Include="G:\cocos2d-x-3.0-oh\cocos\editor-support\cocostudio\TriggerBase.cpp">
      <Filter>Source Files</Filter>
    </ClCompile>
    <ClCompile Include="G:\cocos2d-x-3.0-oh\cocos\editor-support\cocostudio\TriggerMng.cpp">
      <Filter>Source Files</Filter>
    </ClCompile>
    <ClCompile Include="G:\cocos2d-x-3.0-oh\cocos\editor-support\cocostudio\TriggerObj.cpp">
      <Filter>Source Files</Filter>
    </ClCompile>
    <ClCompile Include="G:\cocos2d-x-3.0-oh\cocos\editor-support\cocostudio\WidgetReader\WidgetReader.cpp">
      <Filter>Source Files</Filter>
    </ClCompile>
    <ClCompile Include="G:\cocos2d-x-3.0-oh\cocos\editor-support\cocostudio\WidgetReader\ButtonReader\ButtonReader.cpp">
      <Filter>Source Files</Filter>
    </ClCompile>
    <ClCompile Include="G:\cocos2d-x-3.0-oh\cocos\editor-support\cocostudio\WidgetReader\CheckBoxReader\CheckBoxReader.cpp">
      <Filter>Source Files</Filter>
    </ClCompile>
    <ClCompile Include="G:\cocos2d-x-3.0-oh\cocos\editor-support\cocostudio\WidgetReader\ImageViewReader\ImageViewReader.cpp">
      <Filter>Source Files</Filter>
    </ClCompile>
    <ClCompile Include="G:\cocos2d-x-3.0-oh\cocos\editor-support\cocostudio\WidgetReader\LayoutReader\LayoutReader.cpp">
      <Filter>Source Files</Filter>
    </ClCompile>
    <ClCompile Include="G:\cocos2d-x-3.0-oh\cocos\editor-support\cocostudio\WidgetReader\ListViewReader\ListViewReader.cpp">
      <Filter>Source Files</Filter>
    </ClCompile>
    <ClCompile Include="G:\cocos2d-x-3.0-oh\cocos\editor-support\cocostudio\WidgetReader\LoadingBarReader\LoadingBarReader.cpp">
      <Filter>Source Files</Filter>
    </ClCompile>
    <ClCompile Include="G:\cocos2d-x-3.0-oh\cocos\editor-support\cocostudio\WidgetReader\PageViewReader\PageViewReader.cpp">
      <Filter>Source Files</Filter>
    </ClCompile>
    <ClCompile Include="G:\cocos2d-x-3.0-oh\cocos\editor-support\cocostudio\WidgetReader\ScrollViewReader\ScrollViewReader.cpp">
      <Filter>Source Files</Filter>
    </ClCompile>
    <ClCompile Include="G:\cocos2d-x-3.0-oh\cocos\editor-support\cocostudio\WidgetReader\SliderReader\SliderReader.cpp">
      <Filter>Source Files</Filter>
    </ClCompile>
    <ClCompile Include="G:\cocos2d-x-3.0-oh\cocos\editor-support\cocostudio\WidgetReader\TextAtlasReader\TextAtlasReader.cpp">
      <Filter>Source Files</Filter>
    </ClCompile>
    <ClCompile Include="G:\cocos2d-x-3.0-oh\cocos\editor-support\cocostudio\WidgetReader\TextBMFontReader\TextBMFontReader.cpp">
      <Filter>Source Files</Filter>
    </ClCompile>
    <ClCompile Include="G:\cocos2d-x-3.0-oh\cocos\editor-support\cocostudio\WidgetReader\TextFieldReader\TextFieldReader.cpp">
      <Filter>Source Files</Filter>
    </ClCompile>
    <ClCompile Include="G:\cocos2d-x-3.0-oh\cocos\editor-support\cocostudio\WidgetReader\TextReader\TextReader.cpp">
      <Filter>Source Files</Filter>
    </ClCompile>
  </ItemGroup>
  <ItemGroup>
    <CustomBuild Include="G:\cocos2d-x-3.0-oh\cocos\editor-support\cocostudio\CMakeLists.txt" />
  </ItemGroup>
  <ItemGroup>
    <Filter Include="Source Files">
      <UniqueIdentifier>{62ADCCD1-7044-32C2-9523-8F88BFB2CA64}</UniqueIdentifier>
    </Filter>
  </ItemGroup>
</Project>
