<?xml version="1.0" encoding="UTF-8"?>
<Project ToolsVersion="12.0" xmlns="http://schemas.microsoft.com/developer/msbuild/2003">
  <ItemGroup>
    <ClCompile Include="G:\cocos2d-x-3.0-oh\cocos\2d\CCUserDefault.cpp">
      <Filter>Source Files</Filter>
    </ClCompile>
    <ClCompile Include="G:\cocos2d-x-3.0-oh\cocos\2d\CCAction.cpp">
      <Filter>Source Files</Filter>
    </ClCompile>
    <ClCompile Include="G:\cocos2d-x-3.0-oh\cocos\2d\CCActionCamera.cpp">
      <Filter>Source Files</Filter>
    </ClCompile>
    <ClCompile Include="G:\cocos2d-x-3.0-oh\cocos\2d\CCTweenFunction.cpp">
      <Filter>Source Files</Filter>
    </ClCompile>
    <ClCompile Include="G:\cocos2d-x-3.0-oh\cocos\2d\CCActionEase.cpp">
      <Filter>Source Files</Filter>
    </ClCompile>
    <ClCompile Include="G:\cocos2d-x-3.0-oh\cocos\2d\CCActionGrid.cpp">
      <Filter>Source Files</Filter>
    </ClCompile>
    <ClCompile Include="G:\cocos2d-x-3.0-oh\cocos\2d\CCActionGrid3D.cpp">
      <Filter>Source Files</Filter>
    </ClCompile>
    <ClCompile Include="G:\cocos2d-x-3.0-oh\cocos\2d\CCActionInstant.cpp">
      <Filter>Source Files</Filter>
    </ClCompile>
    <ClCompile Include="G:\cocos2d-x-3.0-oh\cocos\2d\CCActionInterval.cpp">
      <Filter>Source Files</Filter>
    </ClCompile>
    <ClCompile Include="G:\cocos2d-x-3.0-oh\cocos\2d\CCActionManager.cpp">
      <Filter>Source Files</Filter>
    </ClCompile>
    <ClCompile Include="G:\cocos2d-x-3.0-oh\cocos\2d\CCActionPageTurn3D.cpp">
      <Filter>Source Files</Filter>
    </ClCompile>
    <ClCompile Include="G:\cocos2d-x-3.0-oh\cocos\2d\CCActionProgressTimer.cpp">
      <Filter>Source Files</Filter>
    </ClCompile>
    <ClCompile Include="G:\cocos2d-x-3.0-oh\cocos\2d\CCActionTiledGrid.cpp">
      <Filter>Source Files</Filter>
    </ClCompile>
    <ClCompile Include="G:\cocos2d-x-3.0-oh\cocos\2d\CCActionCatmullRom.cpp">
      <Filter>Source Files</Filter>
    </ClCompile>
    <ClCompile Include="G:\cocos2d-x-3.0-oh\cocos\2d\CCActionTween.cpp">
      <Filter>Source Files</Filter>
    </ClCompile>
    <ClCompile Include="G:\cocos2d-x-3.0-oh\cocos\2d\CCAtlasNode.cpp">
      <Filter>Source Files</Filter>
    </ClCompile>
    <ClCompile Include="G:\cocos2d-x-3.0-oh\cocos\2d\CCNode.cpp">
      <Filter>Source Files</Filter>
    </ClCompile>
    <ClCompile Include="G:\cocos2d-x-3.0-oh\cocos\2d\CCEventAcceleration.cpp">
      <Filter>Source Files</Filter>
    </ClCompile>
    <ClCompile Include="G:\cocos2d-x-3.0-oh\cocos\2d\CCEventListenerAcceleration.cpp">
      <Filter>Source Files</Filter>
    </ClCompile>
    <ClCompile Include="G:\cocos2d-x-3.0-oh\cocos\2d\CCEvent.cpp">
      <Filter>Source Files</Filter>
    </ClCompile>
    <ClCompile Include="G:\cocos2d-x-3.0-oh\cocos\2d\CCEventDispatcher.cpp">
      <Filter>Source Files</Filter>
    </ClCompile>
    <ClCompile Include="G:\cocos2d-x-3.0-oh\cocos\2d\CCEventListener.cpp">
      <Filter>Source Files</Filter>
    </ClCompile>
    <ClCompile Include="G:\cocos2d-x-3.0-oh\cocos\2d\CCEventKeyboard.cpp">
      <Filter>Source Files</Filter>
    </ClCompile>
    <ClCompile Include="G:\cocos2d-x-3.0-oh\cocos\2d\CCEventListenerKeyboard.cpp">
      <Filter>Source Files</Filter>
    </ClCompile>
    <ClCompile Include="G:\cocos2d-x-3.0-oh\cocos\2d\CCEventMouse.cpp">
      <Filter>Source Files</Filter>
    </ClCompile>
    <ClCompile Include="G:\cocos2d-x-3.0-oh\cocos\2d\CCEventListenerMouse.cpp">
      <Filter>Source Files</Filter>
    </ClCompile>
    <ClCompile Include="G:\cocos2d-x-3.0-oh\cocos\2d\CCTouch.cpp">
      <Filter>Source Files</Filter>
    </ClCompile>
    <ClCompile Include="G:\cocos2d-x-3.0-oh\cocos\2d\CCEventTouch.cpp">
      <Filter>Source Files</Filter>
    </ClCompile>
    <ClCompile Include="G:\cocos2d-x-3.0-oh\cocos\2d\CCEventListenerTouch.cpp">
      <Filter>Source Files</Filter>
    </ClCompile>
    <ClCompile Include="G:\cocos2d-x-3.0-oh\cocos\2d\CCEventCustom.cpp">
      <Filter>Source Files</Filter>
    </ClCompile>
    <ClCompile Include="G:\cocos2d-x-3.0-oh\cocos\2d\CCEventListenerCustom.cpp">
      <Filter>Source Files</Filter>
    </ClCompile>
    <ClCompile Include="G:\cocos2d-x-3.0-oh\cocos\2d\CCDrawingPrimitives.cpp">
      <Filter>Source Files</Filter>
    </ClCompile>
    <ClCompile Include="G:\cocos2d-x-3.0-oh\cocos\2d\CCDrawNode.cpp">
      <Filter>Source Files</Filter>
    </ClCompile>
    <ClCompile Include="G:\cocos2d-x-3.0-oh\cocos\2d\CCGrabber.cpp">
      <Filter>Source Files</Filter>
    </ClCompile>
    <ClCompile Include="G:\cocos2d-x-3.0-oh\cocos\2d\CCGrid.cpp">
      <Filter>Source Files</Filter>
    </ClCompile>
    <ClCompile Include="G:\cocos2d-x-3.0-oh\cocos\2d\CCNodeGrid.cpp">
      <Filter>Source Files</Filter>
    </ClCompile>
    <ClCompile Include="G:\cocos2d-x-3.0-oh\cocos\2d\CCFont.cpp">
      <Filter>Source Files</Filter>
    </ClCompile>
    <ClCompile Include="G:\cocos2d-x-3.0-oh\cocos\2d\CCFontAtlas.cpp">
      <Filter>Source Files</Filter>
    </ClCompile>
    <ClCompile Include="G:\cocos2d-x-3.0-oh\cocos\2d\CCFontAtlasCache.cpp">
      <Filter>Source Files</Filter>
    </ClCompile>
    <ClCompile Include="G:\cocos2d-x-3.0-oh\cocos\2d\CCFontFNT.cpp">
      <Filter>Source Files</Filter>
    </ClCompile>
    <ClCompile Include="G:\cocos2d-x-3.0-oh\cocos\2d\CCFontFreeType.cpp">
      <Filter>Source Files</Filter>
    </ClCompile>
    <ClCompile Include="G:\cocos2d-x-3.0-oh\cocos\2d\CCFontCharMap.cpp">
      <Filter>Source Files</Filter>
    </ClCompile>
    <ClCompile Include="G:\cocos2d-x-3.0-oh\cocos\2d\CCLabel.cpp">
      <Filter>Source Files</Filter>
    </ClCompile>
    <ClCompile Include="G:\cocos2d-x-3.0-oh\cocos\2d\CCLabelAtlas.cpp">
      <Filter>Source Files</Filter>
    </ClCompile>
    <ClCompile Include="G:\cocos2d-x-3.0-oh\cocos\2d\CCLabelBMFont.cpp">
      <Filter>Source Files</Filter>
    </ClCompile>
    <ClCompile Include="G:\cocos2d-x-3.0-oh\cocos\2d\CCLabelTTF.cpp">
      <Filter>Source Files</Filter>
    </ClCompile>
    <ClCompile Include="G:\cocos2d-x-3.0-oh\cocos\2d\CCLabelTextFormatter.cpp">
      <Filter>Source Files</Filter>
    </ClCompile>
    <ClCompile Include="G:\cocos2d-x-3.0-oh\cocos\2d\CCLayer.cpp">
      <Filter>Source Files</Filter>
    </ClCompile>
    <ClCompile Include="G:\cocos2d-x-3.0-oh\cocos\2d\CCScene.cpp">
      <Filter>Source Files</Filter>
    </ClCompile>
    <ClCompile Include="G:\cocos2d-x-3.0-oh\cocos\2d\CCTransition.cpp">
      <Filter>Source Files</Filter>
    </ClCompile>
    <ClCompile Include="G:\cocos2d-x-3.0-oh\cocos\2d\CCTransitionPageTurn.cpp">
      <Filter>Source Files</Filter>
    </ClCompile>
    <ClCompile Include="G:\cocos2d-x-3.0-oh\cocos\2d\CCTransitionProgress.cpp">
      <Filter>Source Files</Filter>
    </ClCompile>
    <ClCompile Include="G:\cocos2d-x-3.0-oh\cocos\2d\CCMenu.cpp">
      <Filter>Source Files</Filter>
    </ClCompile>
    <ClCompile Include="G:\cocos2d-x-3.0-oh\cocos\2d\CCMenuItem.cpp">
      <Filter>Source Files</Filter>
    </ClCompile>
    <ClCompile Include="G:\cocos2d-x-3.0-oh\cocos\2d\CCMotionStreak.cpp">
      <Filter>Source Files</Filter>
    </ClCompile>
    <ClCompile Include="G:\cocos2d-x-3.0-oh\cocos\2d\CCProgressTimer.cpp">
      <Filter>Source Files</Filter>
    </ClCompile>
    <ClCompile Include="G:\cocos2d-x-3.0-oh\cocos\2d\CCClippingNode.cpp">
      <Filter>Source Files</Filter>
    </ClCompile>
    <ClCompile Include="G:\cocos2d-x-3.0-oh\cocos\2d\CCRenderTexture.cpp">
      <Filter>Source Files</Filter>
    </ClCompile>
    <ClCompile Include="G:\cocos2d-x-3.0-oh\cocos\2d\CCParticleExamples.cpp">
      <Filter>Source Files</Filter>
    </ClCompile>
    <ClCompile Include="G:\cocos2d-x-3.0-oh\cocos\2d\CCParticleSystem.cpp">
      <Filter>Source Files</Filter>
    </ClCompile>
    <ClCompile Include="G:\cocos2d-x-3.0-oh\cocos\2d\CCParticleSystemQuad.cpp">
      <Filter>Source Files</Filter>
    </ClCompile>
    <ClCompile Include="G:\cocos2d-x-3.0-oh\cocos\2d\CCParticleBatchNode.cpp">
      <Filter>Source Files</Filter>
    </ClCompile>
    <ClCompile Include="G:\cocos2d-x-3.0-oh\cocos\2d\CCScriptSupport.cpp">
      <Filter>Source Files</Filter>
    </ClCompile>
    <ClCompile Include="G:\cocos2d-x-3.0-oh\cocos\2d\CCAnimation.cpp">
      <Filter>Source Files</Filter>
    </ClCompile>
    <ClCompile Include="G:\cocos2d-x-3.0-oh\cocos\2d\CCAnimationCache.cpp">
      <Filter>Source Files</Filter>
    </ClCompile>
    <ClCompile Include="G:\cocos2d-x-3.0-oh\cocos\2d\CCSprite.cpp">
      <Filter>Source Files</Filter>
    </ClCompile>
    <ClCompile Include="G:\cocos2d-x-3.0-oh\cocos\2d\CCSpriteBatchNode.cpp">
      <Filter>Source Files</Filter>
    </ClCompile>
    <ClCompile Include="G:\cocos2d-x-3.0-oh\cocos\2d\CCSpriteFrame.cpp">
      <Filter>Source Files</Filter>
    </ClCompile>
    <ClCompile Include="G:\cocos2d-x-3.0-oh\cocos\2d\CCSpriteFrameCache.cpp">
      <Filter>Source Files</Filter>
    </ClCompile>
    <ClCompile Include="G:\cocos2d-x-3.0-oh\cocos\2d\ccUTF8.cpp">
      <Filter>Source Files</Filter>
    </ClCompile>
    <ClCompile Include="G:\cocos2d-x-3.0-oh\cocos\2d\CCProfiling.cpp">
      <Filter>Source Files</Filter>
    </ClCompile>
    <ClCompile Include="G:\cocos2d-x-3.0-oh\cocos\2d\TransformUtils.cpp">
      <Filter>Source Files</Filter>
    </ClCompile>
    <ClCompile Include="G:\cocos2d-x-3.0-oh\cocos\2d\base64.cpp">
      <Filter>Source Files</Filter>
    </ClCompile>
    <ClCompile Include="G:\cocos2d-x-3.0-oh\cocos\2d\ccUtils.cpp">
      <Filter>Source Files</Filter>
    </ClCompile>
    <ClCompile Include="G:\cocos2d-x-3.0-oh\cocos\2d\CCVertex.cpp">
      <Filter>Source Files</Filter>
    </ClCompile>
    <ClCompile Include="G:\cocos2d-x-3.0-oh\cocos\2d\TGAlib.cpp">
      <Filter>Source Files</Filter>
    </ClCompile>
    <ClCompile Include="G:\cocos2d-x-3.0-oh\cocos\2d\ZipUtils.cpp">
      <Filter>Source Files</Filter>
    </ClCompile>
    <ClCompile Include="G:\cocos2d-x-3.0-oh\cocos\2d\ccCArray.cpp">
      <Filter>Source Files</Filter>
    </ClCompile>
    <ClCompile Include="G:\cocos2d-x-3.0-oh\cocos\2d\CCComponent.cpp">
      <Filter>Source Files</Filter>
    </ClCompile>
    <ClCompile Include="G:\cocos2d-x-3.0-oh\cocos\2d\CCComponentContainer.cpp">
      <Filter>Source Files</Filter>
    </ClCompile>
    <ClCompile Include="G:\cocos2d-x-3.0-oh\cocos\2d\CCIMEDispatcher.cpp">
      <Filter>Source Files</Filter>
    </ClCompile>
    <ClCompile Include="G:\cocos2d-x-3.0-oh\cocos\2d\CCTextFieldTTF.cpp">
      <Filter>Source Files</Filter>
    </ClCompile>
    <ClCompile Include="G:\cocos2d-x-3.0-oh\cocos\2d\CCTexture2D.cpp">
      <Filter>Source Files</Filter>
    </ClCompile>
    <ClCompile Include="G:\cocos2d-x-3.0-oh\cocos\2d\CCTextureAtlas.cpp">
      <Filter>Source Files</Filter>
    </ClCompile>
    <ClCompile Include="G:\cocos2d-x-3.0-oh\cocos\2d\CCTextureCache.cpp">
      <Filter>Source Files</Filter>
    </ClCompile>
    <ClCompile Include="G:\cocos2d-x-3.0-oh\cocos\2d\CCParallaxNode.cpp">
      <Filter>Source Files</Filter>
    </ClCompile>
    <ClCompile Include="G:\cocos2d-x-3.0-oh\cocos\2d\CCTMXLayer.cpp">
      <Filter>Source Files</Filter>
    </ClCompile>
    <ClCompile Include="G:\cocos2d-x-3.0-oh\cocos\2d\CCTMXObjectGroup.cpp">
      <Filter>Source Files</Filter>
    </ClCompile>
    <ClCompile Include="G:\cocos2d-x-3.0-oh\cocos\2d\CCTMXTiledMap.cpp">
      <Filter>Source Files</Filter>
    </ClCompile>
    <ClCompile Include="G:\cocos2d-x-3.0-oh\cocos\2d\CCTMXXMLParser.cpp">
      <Filter>Source Files</Filter>
    </ClCompile>
    <ClCompile Include="G:\cocos2d-x-3.0-oh\cocos\2d\CCTileMapAtlas.cpp">
      <Filter>Source Files</Filter>
    </ClCompile>
    <ClCompile Include="G:\cocos2d-x-3.0-oh\cocos\2d\CCGLProgram.cpp">
      <Filter>Source Files</Filter>
    </ClCompile>
    <ClCompile Include="G:\cocos2d-x-3.0-oh\cocos\2d\ccGLStateCache.cpp">
      <Filter>Source Files</Filter>
    </ClCompile>
    <ClCompile Include="G:\cocos2d-x-3.0-oh\cocos\2d\CCShaderCache.cpp">
      <Filter>Source Files</Filter>
    </ClCompile>
    <ClCompile Include="G:\cocos2d-x-3.0-oh\cocos\2d\ccShaders.cpp">
      <Filter>Source Files</Filter>
    </ClCompile>
    <ClCompile Include="G:\cocos2d-x-3.0-oh\cocos\2d\CCConfiguration.cpp">
      <Filter>Source Files</Filter>
    </ClCompile>
    <ClCompile Include="G:\cocos2d-x-3.0-oh\cocos\2d\CCDirector.cpp">
      <Filter>Source Files</Filter>
    </ClCompile>
    <ClCompile Include="G:\cocos2d-x-3.0-oh\cocos\2d\CCScheduler.cpp">
      <Filter>Source Files</Filter>
    </ClCompile>
    <ClCompile Include="G:\cocos2d-x-3.0-oh\cocos\2d\ccFPSImages.c">
      <Filter>Source Files</Filter>
    </ClCompile>
    <ClCompile Include="G:\cocos2d-x-3.0-oh\cocos\2d\ccTypes.cpp">
      <Filter>Source Files</Filter>
    </ClCompile>
    <ClCompile Include="G:\cocos2d-x-3.0-oh\cocos\2d\cocos2d.cpp">
      <Filter>Source Files</Filter>
    </ClCompile>
    <ClCompile Include="G:\cocos2d-x-3.0-oh\cocos\2d\platform\CCSAXParser.cpp">
      <Filter>Source Files</Filter>
    </ClCompile>
    <ClCompile Include="G:\cocos2d-x-3.0-oh\cocos\2d\platform\CCThread.cpp">
      <Filter>Source Files</Filter>
    </ClCompile>
    <ClCompile Include="G:\cocos2d-x-3.0-oh\cocos\2d\platform\CCGLViewProtocol.cpp">
      <Filter>Source Files</Filter>
    </ClCompile>
    <ClCompile Include="G:\cocos2d-x-3.0-oh\cocos\2d\platform\CCFileUtils.cpp">
      <Filter>Source Files</Filter>
    </ClCompile>
    <ClCompile Include="G:\cocos2d-x-3.0-oh\cocos\2d\platform\CCImage.cpp">
      <Filter>Source Files</Filter>
    </ClCompile>
    <ClCompile Include="G:\cocos2d-x-3.0-oh\cocos\2d\renderer\CCCustomCommand.cpp">
      <Filter>Source Files</Filter>
    </ClCompile>
    <ClCompile Include="G:\cocos2d-x-3.0-oh\cocos\2d\renderer\CCFrustum.cpp">
      <Filter>Source Files</Filter>
    </ClCompile>
    <ClCompile Include="G:\cocos2d-x-3.0-oh\cocos\2d\renderer\CCGroupCommand.cpp">
      <Filter>Source Files</Filter>
    </ClCompile>
    <ClCompile Include="G:\cocos2d-x-3.0-oh\cocos\2d\renderer\CCMaterialManager.cpp">
      <Filter>Source Files</Filter>
    </ClCompile>
    <ClCompile Include="G:\cocos2d-x-3.0-oh\cocos\2d\renderer\CCQuadCommand.cpp">
      <Filter>Source Files</Filter>
    </ClCompile>
    <ClCompile Include="G:\cocos2d-x-3.0-oh\cocos\2d\renderer\CCBatchCommand.cpp">
      <Filter>Source Files</Filter>
    </ClCompile>
    <ClCompile Include="G:\cocos2d-x-3.0-oh\cocos\2d\renderer\CCRenderCommand.cpp">
      <Filter>Source Files</Filter>
    </ClCompile>
    <ClCompile Include="G:\cocos2d-x-3.0-oh\cocos\2d\renderer\CCRenderer.cpp">
      <Filter>Source Files</Filter>
    </ClCompile>
    <ClCompile Include="G:\cocos2d-x-3.0-oh\cocos\2d\renderer\CCRenderMaterial.cpp">
      <Filter>Source Files</Filter>
    </ClCompile>
    <ClCompile Include="G:\cocos2d-x-3.0-oh\cocos\deprecated\CCDeprecated.cpp">
      <Filter>Source Files</Filter>
    </ClCompile>
    <ClCompile Include="G:\cocos2d-x-3.0-oh\cocos\deprecated\CCNotificationCenter.cpp">
      <Filter>Source Files</Filter>
    </ClCompile>
    <ClCompile Include="G:\cocos2d-x-3.0-oh\external\edtaa3func\edtaa3func.cpp">
      <Filter>Source Files</Filter>
    </ClCompile>
    <ClCompile Include="G:\cocos2d-x-3.0-oh\cocos\2d\platform\win32\CCStdC.cpp">
      <Filter>Source Files</Filter>
    </ClCompile>
    <ClCompile Include="G:\cocos2d-x-3.0-oh\cocos\2d\platform\win32\CCFileUtilsWin32.cpp">
      <Filter>Source Files</Filter>
    </ClCompile>
    <ClCompile Include="G:\cocos2d-x-3.0-oh\cocos\2d\platform\win32\CCCommon.cpp">
      <Filter>Source Files</Filter>
    </ClCompile>
    <ClCompile Include="G:\cocos2d-x-3.0-oh\cocos\2d\platform\win32\CCApplication.cpp">
      <Filter>Source Files</Filter>
    </ClCompile>
    <ClCompile Include="G:\cocos2d-x-3.0-oh\cocos\2d\platform\desktop\CCGLView.cpp">
      <Filter>Source Files</Filter>
    </ClCompile>
    <ClCompile Include="G:\cocos2d-x-3.0-oh\cocos\2d\platform\win32\CCDevice.cpp">
      <Filter>Source Files</Filter>
    </ClCompile>
    <ClCompile Include="G:\cocos2d-x-3.0-oh\cocos\physics\chipmunk\CCPhysicsContactInfo_chipmunk.cpp">
      <Filter>Source Files</Filter>
    </ClCompile>
    <ClCompile Include="G:\cocos2d-x-3.0-oh\cocos\physics\chipmunk\CCPhysicsJointInfo_chipmunk.cpp">
      <Filter>Source Files</Filter>
    </ClCompile>
    <ClCompile Include="G:\cocos2d-x-3.0-oh\cocos\physics\chipmunk\CCPhysicsShapeInfo_chipmunk.cpp">
      <Filter>Source Files</Filter>
    </ClCompile>
    <ClCompile Include="G:\cocos2d-x-3.0-oh\cocos\physics\chipmunk\CCPhysicsBodyInfo_chipmunk.cpp">
      <Filter>Source Files</Filter>
    </ClCompile>
    <ClCompile Include="G:\cocos2d-x-3.0-oh\cocos\physics\chipmunk\CCPhysicsWorldInfo_chipmunk.cpp">
      <Filter>Source Files</Filter>
    </ClCompile>
    <ClCompile Include="G:\cocos2d-x-3.0-oh\cocos\physics\CCPhysicsBody.cpp">
      <Filter>Source Files</Filter>
    </ClCompile>
    <ClCompile Include="G:\cocos2d-x-3.0-oh\cocos\physics\CCPhysicsContact.cpp">
      <Filter>Source Files</Filter>
    </ClCompile>
    <ClCompile Include="G:\cocos2d-x-3.0-oh\cocos\physics\CCPhysicsShape.cpp">
      <Filter>Source Files</Filter>
    </ClCompile>
    <ClCompile Include="G:\cocos2d-x-3.0-oh\cocos\physics\CCPhysicsJoint.cpp">
      <Filter>Source Files</Filter>
    </ClCompile>
    <ClCompile Include="G:\cocos2d-x-3.0-oh\cocos\physics\CCPhysicsWorld.cpp">
      <Filter>Source Files</Filter>
    </ClCompile>
  </ItemGroup>
  <ItemGroup>
    <CustomBuild Include="G:\cocos2d-x-3.0-oh\cocos\2d\CMakeLists.txt" />
  </ItemGroup>
  <ItemGroup>
    <Filter Include="Source Files">
      <UniqueIdentifier>{1271AA10-4F9A-3933-A174-7C67115049F2}</UniqueIdentifier>
    </Filter>
  </ItemGroup>
</Project>
