Microsoft Visual Studio Solution File, Format Version 12.00
# Visual Studio 2013
Project("{8BC9CEB8-8B4A-11D0-8D11-00A0C91BC942}") = "ALL_BUILD", "ALL_BUILD.vcxproj", "{09E315C5-FD0E-3CDA-A553-6688F937B9C2}"
	ProjectSection(ProjectDependencies) = postProject
		{B75D4663-B2E1-31F3-BE14-33DF44BD288C} = {B75D4663-B2E1-31F3-BE14-33DF44BD288C}
		{A65AE6FB-8417-3A0A-BF54-758AA2040307} = {A65AE6FB-8417-3A0A-BF54-758AA2040307}
		{2A0C4FCB-22C6-3680-AC8E-7479A759D689} = {2A0C4FCB-22C6-3680-AC8E-7479A759D689}
		{9E52CEEF-B3DA-36FC-88F9-5179650F9FB3} = {9E52CEEF-B3DA-36FC-88F9-5179650F9FB3}
		{1934C3CF-615A-39BE-BC6E-E79D791C8E93} = {1934C3CF-615A-39BE-BC6E-E79D791C8E93}
		{5148BF0E-27D0-38DA-AAD3-C5CA4EFE86AF} = {5148BF0E-27D0-38DA-AAD3-C5CA4EFE86AF}
		{A072483E-7017-35F0-87D4-C2D378900D14} = {A072483E-7017-35F0-87D4-C2D378900D14}
		{F860A3B0-B7C9-3D34-833E-8464D720C5E1} = {F860A3B0-B7C9-3D34-833E-8464D720C5E1}
		{3B6046F8-EF55-37CE-AE31-84CD5F012114} = {3B6046F8-EF55-37CE-AE31-84CD5F012114}
		{940AB495-4396-388A-A61D-A5AE653846AD} = {940AB495-4396-388A-A61D-A5AE653846AD}
		{FF2BC48B-3DDE-346C-81A9-C1C09A3906D7} = {FF2BC48B-3DDE-346C-81A9-C1C09A3906D7}
		{B5BD3568-97B8-331A-A5F4-CB3CFF5F946B} = {B5BD3568-97B8-331A-A5F4-CB3CFF5F946B}
		{C6FF49BD-E658-3D1B-B5C3-9AD19D7E3436} = {C6FF49BD-E658-3D1B-B5C3-9AD19D7E3436}
		{25A6E531-CB54-3436-A810-CCBB29750FDA} = {25A6E531-CB54-3436-A810-CCBB29750FDA}
		{2738AA47-245B-3859-A12C-D4AED29F2609} = {2738AA47-245B-3859-A12C-D4AED29F2609}
		{9D8C080C-0CD0-3FAF-A9D0-3030FB9B86B0} = {9D8C080C-0CD0-3FAF-A9D0-3030FB9B86B0}
		{17E13564-7B52-3D90-ADCE-744EFBB2DAC7} = {17E13564-7B52-3D90-ADCE-744EFBB2DAC7}
		{9A3AB9F0-0F3D-335D-810D-CE5C834CC242} = {9A3AB9F0-0F3D-335D-810D-CE5C834CC242}
		{E49EDF06-DF2C-3F5F-AA85-95104C934BBF} = {E49EDF06-DF2C-3F5F-AA85-95104C934BBF}
		{6E83D295-6311-3146-9972-2B3CF5D03D1C} = {6E83D295-6311-3146-9972-2B3CF5D03D1C}
	EndProjectSection
EndProject
Project("{8BC9CEB8-8B4A-11D0-8D11-00A0C91BC942}") = "INSTALL", "INSTALL.vcxproj", "{E87F13EF-AC1B-3EA6-974D-EF0C69346828}"
	ProjectSection(ProjectDependencies) = postProject
		{09E315C5-FD0E-3CDA-A553-6688F937B9C2} = {09E315C5-FD0E-3CDA-A553-6688F937B9C2}
		{B75D4663-B2E1-31F3-BE14-33DF44BD288C} = {B75D4663-B2E1-31F3-BE14-33DF44BD288C}
	EndProjectSection
EndProject
Project("{8BC9CEB8-8B4A-11D0-8D11-00A0C91BC942}") = "ZERO_CHECK", "ZERO_CHECK.vcxproj", "{B75D4663-B2E1-31F3-BE14-33DF44BD288C}"
	ProjectSection(ProjectDependencies) = postProject
	EndProjectSection
EndProject
Project("{8BC9CEB8-8B4A-11D0-8D11-00A0C91BC942}") = "audio", "cocos\audio\audio.vcxproj", "{A65AE6FB-8417-3A0A-BF54-758AA2040307}"
	ProjectSection(ProjectDependencies) = postProject
		{B75D4663-B2E1-31F3-BE14-33DF44BD288C} = {B75D4663-B2E1-31F3-BE14-33DF44BD288C}
	EndProjectSection
EndProject
Project("{8BC9CEB8-8B4A-11D0-8D11-00A0C91BC942}") = "box2d", "external\Box2D\box2d.vcxproj", "{2A0C4FCB-22C6-3680-AC8E-7479A759D689}"
	ProjectSection(ProjectDependencies) = postProject
		{B75D4663-B2E1-31F3-BE14-33DF44BD288C} = {B75D4663-B2E1-31F3-BE14-33DF44BD288C}
	EndProjectSection
EndProject
Project("{8BC9CEB8-8B4A-11D0-8D11-00A0C91BC942}") = "chipmunk_static", "external\chipmunk\src\chipmunk_static.vcxproj", "{9E52CEEF-B3DA-36FC-88F9-5179650F9FB3}"
	ProjectSection(ProjectDependencies) = postProject
		{B75D4663-B2E1-31F3-BE14-33DF44BD288C} = {B75D4663-B2E1-31F3-BE14-33DF44BD288C}
	EndProjectSection
EndProject
Project("{8BC9CEB8-8B4A-11D0-8D11-00A0C91BC942}") = "cocos2d", "cocos\2d\cocos2d.vcxproj", "{1934C3CF-615A-39BE-BC6E-E79D791C8E93}"
	ProjectSection(ProjectDependencies) = postProject
		{B75D4663-B2E1-31F3-BE14-33DF44BD288C} = {B75D4663-B2E1-31F3-BE14-33DF44BD288C}
		{9E52CEEF-B3DA-36FC-88F9-5179650F9FB3} = {9E52CEEF-B3DA-36FC-88F9-5179650F9FB3}
		{5148BF0E-27D0-38DA-AAD3-C5CA4EFE86AF} = {5148BF0E-27D0-38DA-AAD3-C5CA4EFE86AF}
		{B5BD3568-97B8-331A-A5F4-CB3CFF5F946B} = {B5BD3568-97B8-331A-A5F4-CB3CFF5F946B}
		{9D8C080C-0CD0-3FAF-A9D0-3030FB9B86B0} = {9D8C080C-0CD0-3FAF-A9D0-3030FB9B86B0}
		{9A3AB9F0-0F3D-335D-810D-CE5C834CC242} = {9A3AB9F0-0F3D-335D-810D-CE5C834CC242}
		{6E83D295-6311-3146-9972-2B3CF5D03D1C} = {6E83D295-6311-3146-9972-2B3CF5D03D1C}
	EndProjectSection
EndProject
Project("{8BC9CEB8-8B4A-11D0-8D11-00A0C91BC942}") = "cocosbase", "cocos\base\cocosbase.vcxproj", "{5148BF0E-27D0-38DA-AAD3-C5CA4EFE86AF}"
	ProjectSection(ProjectDependencies) = postProject
		{B75D4663-B2E1-31F3-BE14-33DF44BD288C} = {B75D4663-B2E1-31F3-BE14-33DF44BD288C}
	EndProjectSection
EndProject
Project("{8BC9CEB8-8B4A-11D0-8D11-00A0C91BC942}") = "cocosbuilder", "cocos\editor-support\cocosbuilder\cocosbuilder.vcxproj", "{A072483E-7017-35F0-87D4-C2D378900D14}"
	ProjectSection(ProjectDependencies) = postProject
		{B75D4663-B2E1-31F3-BE14-33DF44BD288C} = {B75D4663-B2E1-31F3-BE14-33DF44BD288C}
	EndProjectSection
EndProject
Project("{8BC9CEB8-8B4A-11D0-8D11-00A0C91BC942}") = "cocostudio", "cocos\editor-support\cocostudio\cocostudio.vcxproj", "{F860A3B0-B7C9-3D34-833E-8464D720C5E1}"
	ProjectSection(ProjectDependencies) = postProject
		{B75D4663-B2E1-31F3-BE14-33DF44BD288C} = {B75D4663-B2E1-31F3-BE14-33DF44BD288C}
	EndProjectSection
EndProject
Project("{8BC9CEB8-8B4A-11D0-8D11-00A0C91BC942}") = "cpp-tests", "tests\cpp-tests\cpp-tests.vcxproj", "{3B6046F8-EF55-37CE-AE31-84CD5F012114}"
	ProjectSection(ProjectDependencies) = postProject
		{B75D4663-B2E1-31F3-BE14-33DF44BD288C} = {B75D4663-B2E1-31F3-BE14-33DF44BD288C}
		{A65AE6FB-8417-3A0A-BF54-758AA2040307} = {A65AE6FB-8417-3A0A-BF54-758AA2040307}
		{2A0C4FCB-22C6-3680-AC8E-7479A759D689} = {2A0C4FCB-22C6-3680-AC8E-7479A759D689}
		{9E52CEEF-B3DA-36FC-88F9-5179650F9FB3} = {9E52CEEF-B3DA-36FC-88F9-5179650F9FB3}
		{1934C3CF-615A-39BE-BC6E-E79D791C8E93} = {1934C3CF-615A-39BE-BC6E-E79D791C8E93}
		{5148BF0E-27D0-38DA-AAD3-C5CA4EFE86AF} = {5148BF0E-27D0-38DA-AAD3-C5CA4EFE86AF}
		{A072483E-7017-35F0-87D4-C2D378900D14} = {A072483E-7017-35F0-87D4-C2D378900D14}
		{F860A3B0-B7C9-3D34-833E-8464D720C5E1} = {F860A3B0-B7C9-3D34-833E-8464D720C5E1}
		{FF2BC48B-3DDE-346C-81A9-C1C09A3906D7} = {FF2BC48B-3DDE-346C-81A9-C1C09A3906D7}
		{B5BD3568-97B8-331A-A5F4-CB3CFF5F946B} = {B5BD3568-97B8-331A-A5F4-CB3CFF5F946B}
		{C6FF49BD-E658-3D1B-B5C3-9AD19D7E3436} = {C6FF49BD-E658-3D1B-B5C3-9AD19D7E3436}
		{25A6E531-CB54-3436-A810-CCBB29750FDA} = {25A6E531-CB54-3436-A810-CCBB29750FDA}
		{9D8C080C-0CD0-3FAF-A9D0-3030FB9B86B0} = {9D8C080C-0CD0-3FAF-A9D0-3030FB9B86B0}
		{17E13564-7B52-3D90-ADCE-744EFBB2DAC7} = {17E13564-7B52-3D90-ADCE-744EFBB2DAC7}
		{9A3AB9F0-0F3D-335D-810D-CE5C834CC242} = {9A3AB9F0-0F3D-335D-810D-CE5C834CC242}
		{E49EDF06-DF2C-3F5F-AA85-95104C934BBF} = {E49EDF06-DF2C-3F5F-AA85-95104C934BBF}
		{6E83D295-6311-3146-9972-2B3CF5D03D1C} = {6E83D295-6311-3146-9972-2B3CF5D03D1C}
	EndProjectSection
EndProject
Project("{8BC9CEB8-8B4A-11D0-8D11-00A0C91BC942}") = "cpp-tests_CORE_PRE_BUILD", "tests\cpp-tests\cpp-tests_CORE_PRE_BUILD.vcxproj", "{788ABF46-8A5F-32CB-9975-CB97F9E66376}"
	ProjectSection(ProjectDependencies) = postProject
		{B75D4663-B2E1-31F3-BE14-33DF44BD288C} = {B75D4663-B2E1-31F3-BE14-33DF44BD288C}
	EndProjectSection
EndProject
Project("{8BC9CEB8-8B4A-11D0-8D11-00A0C91BC942}") = "cpp-tests_PRE_BUILD", "tests\cpp-tests\cpp-tests_PRE_BUILD.vcxproj", "{940AB495-4396-388A-A61D-A5AE653846AD}"
	ProjectSection(ProjectDependencies) = postProject
		{B75D4663-B2E1-31F3-BE14-33DF44BD288C} = {B75D4663-B2E1-31F3-BE14-33DF44BD288C}
		{788ABF46-8A5F-32CB-9975-CB97F9E66376} = {788ABF46-8A5F-32CB-9975-CB97F9E66376}
	EndProjectSection
EndProject
Project("{8BC9CEB8-8B4A-11D0-8D11-00A0C91BC942}") = "extensions", "extensions\extensions.vcxproj", "{FF2BC48B-3DDE-346C-81A9-C1C09A3906D7}"
	ProjectSection(ProjectDependencies) = postProject
		{B75D4663-B2E1-31F3-BE14-33DF44BD288C} = {B75D4663-B2E1-31F3-BE14-33DF44BD288C}
	EndProjectSection
EndProject
Project("{8BC9CEB8-8B4A-11D0-8D11-00A0C91BC942}") = "kazmath", "cocos\math\kazmath\kazmath\kazmath.vcxproj", "{B5BD3568-97B8-331A-A5F4-CB3CFF5F946B}"
	ProjectSection(ProjectDependencies) = postProject
		{B75D4663-B2E1-31F3-BE14-33DF44BD288C} = {B75D4663-B2E1-31F3-BE14-33DF44BD288C}
	EndProjectSection
EndProject
Project("{8BC9CEB8-8B4A-11D0-8D11-00A0C91BC942}") = "network", "cocos\network\network.vcxproj", "{C6FF49BD-E658-3D1B-B5C3-9AD19D7E3436}"
	ProjectSection(ProjectDependencies) = postProject
		{B75D4663-B2E1-31F3-BE14-33DF44BD288C} = {B75D4663-B2E1-31F3-BE14-33DF44BD288C}
		{E49EDF06-DF2C-3F5F-AA85-95104C934BBF} = {E49EDF06-DF2C-3F5F-AA85-95104C934BBF}
	EndProjectSection
EndProject
Project("{8BC9CEB8-8B4A-11D0-8D11-00A0C91BC942}") = "spine", "cocos\editor-support\spine\spine.vcxproj", "{25A6E531-CB54-3436-A810-CCBB29750FDA}"
	ProjectSection(ProjectDependencies) = postProject
		{B75D4663-B2E1-31F3-BE14-33DF44BD288C} = {B75D4663-B2E1-31F3-BE14-33DF44BD288C}
	EndProjectSection
EndProject
Project("{8BC9CEB8-8B4A-11D0-8D11-00A0C91BC942}") = "storage", "cocos\storage\storage.vcxproj", "{2738AA47-245B-3859-A12C-D4AED29F2609}"
	ProjectSection(ProjectDependencies) = postProject
		{B75D4663-B2E1-31F3-BE14-33DF44BD288C} = {B75D4663-B2E1-31F3-BE14-33DF44BD288C}
	EndProjectSection
EndProject
Project("{8BC9CEB8-8B4A-11D0-8D11-00A0C91BC942}") = "tinyxml2", "external\tinyxml2\tinyxml2.vcxproj", "{9D8C080C-0CD0-3FAF-A9D0-3030FB9B86B0}"
	ProjectSection(ProjectDependencies) = postProject
		{B75D4663-B2E1-31F3-BE14-33DF44BD288C} = {B75D4663-B2E1-31F3-BE14-33DF44BD288C}
	EndProjectSection
EndProject
Project("{8BC9CEB8-8B4A-11D0-8D11-00A0C91BC942}") = "ui", "cocos\ui\ui.vcxproj", "{17E13564-7B52-3D90-ADCE-744EFBB2DAC7}"
	ProjectSection(ProjectDependencies) = postProject
		{B75D4663-B2E1-31F3-BE14-33DF44BD288C} = {B75D4663-B2E1-31F3-BE14-33DF44BD288C}
	EndProjectSection
EndProject
Project("{8BC9CEB8-8B4A-11D0-8D11-00A0C91BC942}") = "unzip", "external\unzip\unzip.vcxproj", "{9A3AB9F0-0F3D-335D-810D-CE5C834CC242}"
	ProjectSection(ProjectDependencies) = postProject
		{B75D4663-B2E1-31F3-BE14-33DF44BD288C} = {B75D4663-B2E1-31F3-BE14-33DF44BD288C}
	EndProjectSection
EndProject
Project("{8BC9CEB8-8B4A-11D0-8D11-00A0C91BC942}") = "websockets", "external\libwebsockets-src\websockets.vcxproj", "{E49EDF06-DF2C-3F5F-AA85-95104C934BBF}"
	ProjectSection(ProjectDependencies) = postProject
		{B75D4663-B2E1-31F3-BE14-33DF44BD288C} = {B75D4663-B2E1-31F3-BE14-33DF44BD288C}
	EndProjectSection
EndProject
Project("{8BC9CEB8-8B4A-11D0-8D11-00A0C91BC942}") = "xxhash", "external\xxhash\xxhash.vcxproj", "{6E83D295-6311-3146-9972-2B3CF5D03D1C}"
	ProjectSection(ProjectDependencies) = postProject
		{B75D4663-B2E1-31F3-BE14-33DF44BD288C} = {B75D4663-B2E1-31F3-BE14-33DF44BD288C}
	EndProjectSection
EndProject
Global
	GlobalSection(SolutionConfigurationPlatforms) = preSolution
		Debug|Win32 = Debug|Win32
		Release|Win32 = Release|Win32
		MinSizeRel|Win32 = MinSizeRel|Win32
		RelWithDebInfo|Win32 = RelWithDebInfo|Win32
	EndGlobalSection
	GlobalSection(ProjectConfigurationPlatforms) = postSolution
		{09E315C5-FD0E-3CDA-A553-6688F937B9C2}.Debug|Win32.ActiveCfg = Debug|Win32
		{09E315C5-FD0E-3CDA-A553-6688F937B9C2}.Debug|Win32.Build.0 = Debug|Win32
		{09E315C5-FD0E-3CDA-A553-6688F937B9C2}.Release|Win32.ActiveCfg = Release|Win32
		{09E315C5-FD0E-3CDA-A553-6688F937B9C2}.Release|Win32.Build.0 = Release|Win32
		{09E315C5-FD0E-3CDA-A553-6688F937B9C2}.MinSizeRel|Win32.ActiveCfg = MinSizeRel|Win32
		{09E315C5-FD0E-3CDA-A553-6688F937B9C2}.MinSizeRel|Win32.Build.0 = MinSizeRel|Win32
		{09E315C5-FD0E-3CDA-A553-6688F937B9C2}.RelWithDebInfo|Win32.ActiveCfg = RelWithDebInfo|Win32
		{09E315C5-FD0E-3CDA-A553-6688F937B9C2}.RelWithDebInfo|Win32.Build.0 = RelWithDebInfo|Win32
		{E87F13EF-AC1B-3EA6-974D-EF0C69346828}.Debug|Win32.ActiveCfg = Debug|Win32
		{E87F13EF-AC1B-3EA6-974D-EF0C69346828}.Release|Win32.ActiveCfg = Release|Win32
		{E87F13EF-AC1B-3EA6-974D-EF0C69346828}.MinSizeRel|Win32.ActiveCfg = MinSizeRel|Win32
		{E87F13EF-AC1B-3EA6-974D-EF0C69346828}.RelWithDebInfo|Win32.ActiveCfg = RelWithDebInfo|Win32
		{B75D4663-B2E1-31F3-BE14-33DF44BD288C}.Debug|Win32.ActiveCfg = Debug|Win32
		{B75D4663-B2E1-31F3-BE14-33DF44BD288C}.Debug|Win32.Build.0 = Debug|Win32
		{B75D4663-B2E1-31F3-BE14-33DF44BD288C}.Release|Win32.ActiveCfg = Release|Win32
		{B75D4663-B2E1-31F3-BE14-33DF44BD288C}.Release|Win32.Build.0 = Release|Win32
		{B75D4663-B2E1-31F3-BE14-33DF44BD288C}.MinSizeRel|Win32.ActiveCfg = MinSizeRel|Win32
		{B75D4663-B2E1-31F3-BE14-33DF44BD288C}.MinSizeRel|Win32.Build.0 = MinSizeRel|Win32
		{B75D4663-B2E1-31F3-BE14-33DF44BD288C}.RelWithDebInfo|Win32.ActiveCfg = RelWithDebInfo|Win32
		{B75D4663-B2E1-31F3-BE14-33DF44BD288C}.RelWithDebInfo|Win32.Build.0 = RelWithDebInfo|Win32
		{A65AE6FB-8417-3A0A-BF54-758AA2040307}.Debug|Win32.ActiveCfg = Debug|Win32
		{A65AE6FB-8417-3A0A-BF54-758AA2040307}.Debug|Win32.Build.0 = Debug|Win32
		{A65AE6FB-8417-3A0A-BF54-758AA2040307}.Release|Win32.ActiveCfg = Release|Win32
		{A65AE6FB-8417-3A0A-BF54-758AA2040307}.Release|Win32.Build.0 = Release|Win32
		{A65AE6FB-8417-3A0A-BF54-758AA2040307}.MinSizeRel|Win32.ActiveCfg = MinSizeRel|Win32
		{A65AE6FB-8417-3A0A-BF54-758AA2040307}.MinSizeRel|Win32.Build.0 = MinSizeRel|Win32
		{A65AE6FB-8417-3A0A-BF54-758AA2040307}.RelWithDebInfo|Win32.ActiveCfg = RelWithDebInfo|Win32
		{A65AE6FB-8417-3A0A-BF54-758AA2040307}.RelWithDebInfo|Win32.Build.0 = RelWithDebInfo|Win32
		{2A0C4FCB-22C6-3680-AC8E-7479A759D689}.Debug|Win32.ActiveCfg = Debug|Win32
		{2A0C4FCB-22C6-3680-AC8E-7479A759D689}.Debug|Win32.Build.0 = Debug|Win32
		{2A0C4FCB-22C6-3680-AC8E-7479A759D689}.Release|Win32.ActiveCfg = Release|Win32
		{2A0C4FCB-22C6-3680-AC8E-7479A759D689}.Release|Win32.Build.0 = Release|Win32
		{2A0C4FCB-22C6-3680-AC8E-7479A759D689}.MinSizeRel|Win32.ActiveCfg = MinSizeRel|Win32
		{2A0C4FCB-22C6-3680-AC8E-7479A759D689}.MinSizeRel|Win32.Build.0 = MinSizeRel|Win32
		{2A0C4FCB-22C6-3680-AC8E-7479A759D689}.RelWithDebInfo|Win32.ActiveCfg = RelWithDebInfo|Win32
		{2A0C4FCB-22C6-3680-AC8E-7479A759D689}.RelWithDebInfo|Win32.Build.0 = RelWithDebInfo|Win32
		{9E52CEEF-B3DA-36FC-88F9-5179650F9FB3}.Debug|Win32.ActiveCfg = Debug|Win32
		{9E52CEEF-B3DA-36FC-88F9-5179650F9FB3}.Debug|Win32.Build.0 = Debug|Win32
		{9E52CEEF-B3DA-36FC-88F9-5179650F9FB3}.Release|Win32.ActiveCfg = Release|Win32
		{9E52CEEF-B3DA-36FC-88F9-5179650F9FB3}.Release|Win32.Build.0 = Release|Win32
		{9E52CEEF-B3DA-36FC-88F9-5179650F9FB3}.MinSizeRel|Win32.ActiveCfg = MinSizeRel|Win32
		{9E52CEEF-B3DA-36FC-88F9-5179650F9FB3}.MinSizeRel|Win32.Build.0 = MinSizeRel|Win32
		{9E52CEEF-B3DA-36FC-88F9-5179650F9FB3}.RelWithDebInfo|Win32.ActiveCfg = RelWithDebInfo|Win32
		{9E52CEEF-B3DA-36FC-88F9-5179650F9FB3}.RelWithDebInfo|Win32.Build.0 = RelWithDebInfo|Win32
		{1934C3CF-615A-39BE-BC6E-E79D791C8E93}.Debug|Win32.ActiveCfg = Debug|Win32
		{1934C3CF-615A-39BE-BC6E-E79D791C8E93}.Debug|Win32.Build.0 = Debug|Win32
		{1934C3CF-615A-39BE-BC6E-E79D791C8E93}.Release|Win32.ActiveCfg = Release|Win32
		{1934C3CF-615A-39BE-BC6E-E79D791C8E93}.Release|Win32.Build.0 = Release|Win32
		{1934C3CF-615A-39BE-BC6E-E79D791C8E93}.MinSizeRel|Win32.ActiveCfg = MinSizeRel|Win32
		{1934C3CF-615A-39BE-BC6E-E79D791C8E93}.MinSizeRel|Win32.Build.0 = MinSizeRel|Win32
		{1934C3CF-615A-39BE-BC6E-E79D791C8E93}.RelWithDebInfo|Win32.ActiveCfg = RelWithDebInfo|Win32
		{1934C3CF-615A-39BE-BC6E-E79D791C8E93}.RelWithDebInfo|Win32.Build.0 = RelWithDebInfo|Win32
		{5148BF0E-27D0-38DA-AAD3-C5CA4EFE86AF}.Debug|Win32.ActiveCfg = Debug|Win32
		{5148BF0E-27D0-38DA-AAD3-C5CA4EFE86AF}.Debug|Win32.Build.0 = Debug|Win32
		{5148BF0E-27D0-38DA-AAD3-C5CA4EFE86AF}.Release|Win32.ActiveCfg = Release|Win32
		{5148BF0E-27D0-38DA-AAD3-C5CA4EFE86AF}.Release|Win32.Build.0 = Release|Win32
		{5148BF0E-27D0-38DA-AAD3-C5CA4EFE86AF}.MinSizeRel|Win32.ActiveCfg = MinSizeRel|Win32
		{5148BF0E-27D0-38DA-AAD3-C5CA4EFE86AF}.MinSizeRel|Win32.Build.0 = MinSizeRel|Win32
		{5148BF0E-27D0-38DA-AAD3-C5CA4EFE86AF}.RelWithDebInfo|Win32.ActiveCfg = RelWithDebInfo|Win32
		{5148BF0E-27D0-38DA-AAD3-C5CA4EFE86AF}.RelWithDebInfo|Win32.Build.0 = RelWithDebInfo|Win32
		{A072483E-7017-35F0-87D4-C2D378900D14}.Debug|Win32.ActiveCfg = Debug|Win32
		{A072483E-7017-35F0-87D4-C2D378900D14}.Debug|Win32.Build.0 = Debug|Win32
		{A072483E-7017-35F0-87D4-C2D378900D14}.Release|Win32.ActiveCfg = Release|Win32
		{A072483E-7017-35F0-87D4-C2D378900D14}.Release|Win32.Build.0 = Release|Win32
		{A072483E-7017-35F0-87D4-C2D378900D14}.MinSizeRel|Win32.ActiveCfg = MinSizeRel|Win32
		{A072483E-7017-35F0-87D4-C2D378900D14}.MinSizeRel|Win32.Build.0 = MinSizeRel|Win32
		{A072483E-7017-35F0-87D4-C2D378900D14}.RelWithDebInfo|Win32.ActiveCfg = RelWithDebInfo|Win32
		{A072483E-7017-35F0-87D4-C2D378900D14}.RelWithDebInfo|Win32.Build.0 = RelWithDebInfo|Win32
		{F860A3B0-B7C9-3D34-833E-8464D720C5E1}.Debug|Win32.ActiveCfg = Debug|Win32
		{F860A3B0-B7C9-3D34-833E-8464D720C5E1}.Debug|Win32.Build.0 = Debug|Win32
		{F860A3B0-B7C9-3D34-833E-8464D720C5E1}.Release|Win32.ActiveCfg = Release|Win32
		{F860A3B0-B7C9-3D34-833E-8464D720C5E1}.Release|Win32.Build.0 = Release|Win32
		{F860A3B0-B7C9-3D34-833E-8464D720C5E1}.MinSizeRel|Win32.ActiveCfg = MinSizeRel|Win32
		{F860A3B0-B7C9-3D34-833E-8464D720C5E1}.MinSizeRel|Win32.Build.0 = MinSizeRel|Win32
		{F860A3B0-B7C9-3D34-833E-8464D720C5E1}.RelWithDebInfo|Win32.ActiveCfg = RelWithDebInfo|Win32
		{F860A3B0-B7C9-3D34-833E-8464D720C5E1}.RelWithDebInfo|Win32.Build.0 = RelWithDebInfo|Win32
		{3B6046F8-EF55-37CE-AE31-84CD5F012114}.Debug|Win32.ActiveCfg = Debug|Win32
		{3B6046F8-EF55-37CE-AE31-84CD5F012114}.Debug|Win32.Build.0 = Debug|Win32
		{3B6046F8-EF55-37CE-AE31-84CD5F012114}.Release|Win32.ActiveCfg = Release|Win32
		{3B6046F8-EF55-37CE-AE31-84CD5F012114}.Release|Win32.Build.0 = Release|Win32
		{3B6046F8-EF55-37CE-AE31-84CD5F012114}.MinSizeRel|Win32.ActiveCfg = MinSizeRel|Win32
		{3B6046F8-EF55-37CE-AE31-84CD5F012114}.MinSizeRel|Win32.Build.0 = MinSizeRel|Win32
		{3B6046F8-EF55-37CE-AE31-84CD5F012114}.RelWithDebInfo|Win32.ActiveCfg = RelWithDebInfo|Win32
		{3B6046F8-EF55-37CE-AE31-84CD5F012114}.RelWithDebInfo|Win32.Build.0 = RelWithDebInfo|Win32
		{788ABF46-8A5F-32CB-9975-CB97F9E66376}.Debug|Win32.ActiveCfg = Debug|Win32
		{788ABF46-8A5F-32CB-9975-CB97F9E66376}.Debug|Win32.Build.0 = Debug|Win32
		{788ABF46-8A5F-32CB-9975-CB97F9E66376}.Release|Win32.ActiveCfg = Release|Win32
		{788ABF46-8A5F-32CB-9975-CB97F9E66376}.Release|Win32.Build.0 = Release|Win32
		{788ABF46-8A5F-32CB-9975-CB97F9E66376}.MinSizeRel|Win32.ActiveCfg = MinSizeRel|Win32
		{788ABF46-8A5F-32CB-9975-CB97F9E66376}.MinSizeRel|Win32.Build.0 = MinSizeRel|Win32
		{788ABF46-8A5F-32CB-9975-CB97F9E66376}.RelWithDebInfo|Win32.ActiveCfg = RelWithDebInfo|Win32
		{788ABF46-8A5F-32CB-9975-CB97F9E66376}.RelWithDebInfo|Win32.Build.0 = RelWithDebInfo|Win32
		{940AB495-4396-388A-A61D-A5AE653846AD}.Debug|Win32.ActiveCfg = Debug|Win32
		{940AB495-4396-388A-A61D-A5AE653846AD}.Debug|Win32.Build.0 = Debug|Win32
		{940AB495-4396-388A-A61D-A5AE653846AD}.Release|Win32.ActiveCfg = Release|Win32
		{940AB495-4396-388A-A61D-A5AE653846AD}.Release|Win32.Build.0 = Release|Win32
		{940AB495-4396-388A-A61D-A5AE653846AD}.MinSizeRel|Win32.ActiveCfg = MinSizeRel|Win32
		{940AB495-4396-388A-A61D-A5AE653846AD}.MinSizeRel|Win32.Build.0 = MinSizeRel|Win32
		{940AB495-4396-388A-A61D-A5AE653846AD}.RelWithDebInfo|Win32.ActiveCfg = RelWithDebInfo|Win32
		{940AB495-4396-388A-A61D-A5AE653846AD}.RelWithDebInfo|Win32.Build.0 = RelWithDebInfo|Win32
		{FF2BC48B-3DDE-346C-81A9-C1C09A3906D7}.Debug|Win32.ActiveCfg = Debug|Win32
		{FF2BC48B-3DDE-346C-81A9-C1C09A3906D7}.Debug|Win32.Build.0 = Debug|Win32
		{FF2BC48B-3DDE-346C-81A9-C1C09A3906D7}.Release|Win32.ActiveCfg = Release|Win32
		{FF2BC48B-3DDE-346C-81A9-C1C09A3906D7}.Release|Win32.Build.0 = Release|Win32
		{FF2BC48B-3DDE-346C-81A9-C1C09A3906D7}.MinSizeRel|Win32.ActiveCfg = MinSizeRel|Win32
		{FF2BC48B-3DDE-346C-81A9-C1C09A3906D7}.MinSizeRel|Win32.Build.0 = MinSizeRel|Win32
		{FF2BC48B-3DDE-346C-81A9-C1C09A3906D7}.RelWithDebInfo|Win32.ActiveCfg = RelWithDebInfo|Win32
		{FF2BC48B-3DDE-346C-81A9-C1C09A3906D7}.RelWithDebInfo|Win32.Build.0 = RelWithDebInfo|Win32
		{B5BD3568-97B8-331A-A5F4-CB3CFF5F946B}.Debug|Win32.ActiveCfg = Debug|Win32
		{B5BD3568-97B8-331A-A5F4-CB3CFF5F946B}.Debug|Win32.Build.0 = Debug|Win32
		{B5BD3568-97B8-331A-A5F4-CB3CFF5F946B}.Release|Win32.ActiveCfg = Release|Win32
		{B5BD3568-97B8-331A-A5F4-CB3CFF5F946B}.Release|Win32.Build.0 = Release|Win32
		{B5BD3568-97B8-331A-A5F4-CB3CFF5F946B}.MinSizeRel|Win32.ActiveCfg = MinSizeRel|Win32
		{B5BD3568-97B8-331A-A5F4-CB3CFF5F946B}.MinSizeRel|Win32.Build.0 = MinSizeRel|Win32
		{B5BD3568-97B8-331A-A5F4-CB3CFF5F946B}.RelWithDebInfo|Win32.ActiveCfg = RelWithDebInfo|Win32
		{B5BD3568-97B8-331A-A5F4-CB3CFF5F946B}.RelWithDebInfo|Win32.Build.0 = RelWithDebInfo|Win32
		{C6FF49BD-E658-3D1B-B5C3-9AD19D7E3436}.Debug|Win32.ActiveCfg = Debug|Win32
		{C6FF49BD-E658-3D1B-B5C3-9AD19D7E3436}.Debug|Win32.Build.0 = Debug|Win32
		{C6FF49BD-E658-3D1B-B5C3-9AD19D7E3436}.Release|Win32.ActiveCfg = Release|Win32
		{C6FF49BD-E658-3D1B-B5C3-9AD19D7E3436}.Release|Win32.Build.0 = Release|Win32
		{C6FF49BD-E658-3D1B-B5C3-9AD19D7E3436}.MinSizeRel|Win32.ActiveCfg = MinSizeRel|Win32
		{C6FF49BD-E658-3D1B-B5C3-9AD19D7E3436}.MinSizeRel|Win32.Build.0 = MinSizeRel|Win32
		{C6FF49BD-E658-3D1B-B5C3-9AD19D7E3436}.RelWithDebInfo|Win32.ActiveCfg = RelWithDebInfo|Win32
		{C6FF49BD-E658-3D1B-B5C3-9AD19D7E3436}.RelWithDebInfo|Win32.Build.0 = RelWithDebInfo|Win32
		{25A6E531-CB54-3436-A810-CCBB29750FDA}.Debug|Win32.ActiveCfg = Debug|Win32
		{25A6E531-CB54-3436-A810-CCBB29750FDA}.Debug|Win32.Build.0 = Debug|Win32
		{25A6E531-CB54-3436-A810-CCBB29750FDA}.Release|Win32.ActiveCfg = Release|Win32
		{25A6E531-CB54-3436-A810-CCBB29750FDA}.Release|Win32.Build.0 = Release|Win32
		{25A6E531-CB54-3436-A810-CCBB29750FDA}.MinSizeRel|Win32.ActiveCfg = MinSizeRel|Win32
		{25A6E531-CB54-3436-A810-CCBB29750FDA}.MinSizeRel|Win32.Build.0 = MinSizeRel|Win32
		{25A6E531-CB54-3436-A810-CCBB29750FDA}.RelWithDebInfo|Win32.ActiveCfg = RelWithDebInfo|Win32
		{25A6E531-CB54-3436-A810-CCBB29750FDA}.RelWithDebInfo|Win32.Build.0 = RelWithDebInfo|Win32
		{2738AA47-245B-3859-A12C-D4AED29F2609}.Debug|Win32.ActiveCfg = Debug|Win32
		{2738AA47-245B-3859-A12C-D4AED29F2609}.Debug|Win32.Build.0 = Debug|Win32
		{2738AA47-245B-3859-A12C-D4AED29F2609}.Release|Win32.ActiveCfg = Release|Win32
		{2738AA47-245B-3859-A12C-D4AED29F2609}.Release|Win32.Build.0 = Release|Win32
		{2738AA47-245B-3859-A12C-D4AED29F2609}.MinSizeRel|Win32.ActiveCfg = MinSizeRel|Win32
		{2738AA47-245B-3859-A12C-D4AED29F2609}.MinSizeRel|Win32.Build.0 = MinSizeRel|Win32
		{2738AA47-245B-3859-A12C-D4AED29F2609}.RelWithDebInfo|Win32.ActiveCfg = RelWithDebInfo|Win32
		{2738AA47-245B-3859-A12C-D4AED29F2609}.RelWithDebInfo|Win32.Build.0 = RelWithDebInfo|Win32
		{9D8C080C-0CD0-3FAF-A9D0-3030FB9B86B0}.Debug|Win32.ActiveCfg = Debug|Win32
		{9D8C080C-0CD0-3FAF-A9D0-3030FB9B86B0}.Debug|Win32.Build.0 = Debug|Win32
		{9D8C080C-0CD0-3FAF-A9D0-3030FB9B86B0}.Release|Win32.ActiveCfg = Release|Win32
		{9D8C080C-0CD0-3FAF-A9D0-3030FB9B86B0}.Release|Win32.Build.0 = Release|Win32
		{9D8C080C-0CD0-3FAF-A9D0-3030FB9B86B0}.MinSizeRel|Win32.ActiveCfg = MinSizeRel|Win32
		{9D8C080C-0CD0-3FAF-A9D0-3030FB9B86B0}.MinSizeRel|Win32.Build.0 = MinSizeRel|Win32
		{9D8C080C-0CD0-3FAF-A9D0-3030FB9B86B0}.RelWithDebInfo|Win32.ActiveCfg = RelWithDebInfo|Win32
		{9D8C080C-0CD0-3FAF-A9D0-3030FB9B86B0}.RelWithDebInfo|Win32.Build.0 = RelWithDebInfo|Win32
		{17E13564-7B52-3D90-ADCE-744EFBB2DAC7}.Debug|Win32.ActiveCfg = Debug|Win32
		{17E13564-7B52-3D90-ADCE-744EFBB2DAC7}.Debug|Win32.Build.0 = Debug|Win32
		{17E13564-7B52-3D90-ADCE-744EFBB2DAC7}.Release|Win32.ActiveCfg = Release|Win32
		{17E13564-7B52-3D90-ADCE-744EFBB2DAC7}.Release|Win32.Build.0 = Release|Win32
		{17E13564-7B52-3D90-ADCE-744EFBB2DAC7}.MinSizeRel|Win32.ActiveCfg = MinSizeRel|Win32
		{17E13564-7B52-3D90-ADCE-744EFBB2DAC7}.MinSizeRel|Win32.Build.0 = MinSizeRel|Win32
		{17E13564-7B52-3D90-ADCE-744EFBB2DAC7}.RelWithDebInfo|Win32.ActiveCfg = RelWithDebInfo|Win32
		{17E13564-7B52-3D90-ADCE-744EFBB2DAC7}.RelWithDebInfo|Win32.Build.0 = RelWithDebInfo|Win32
		{9A3AB9F0-0F3D-335D-810D-CE5C834CC242}.Debug|Win32.ActiveCfg = Debug|Win32
		{9A3AB9F0-0F3D-335D-810D-CE5C834CC242}.Debug|Win32.Build.0 = Debug|Win32
		{9A3AB9F0-0F3D-335D-810D-CE5C834CC242}.Release|Win32.ActiveCfg = Release|Win32
		{9A3AB9F0-0F3D-335D-810D-CE5C834CC242}.Release|Win32.Build.0 = Release|Win32
		{9A3AB9F0-0F3D-335D-810D-CE5C834CC242}.MinSizeRel|Win32.ActiveCfg = MinSizeRel|Win32
		{9A3AB9F0-0F3D-335D-810D-CE5C834CC242}.MinSizeRel|Win32.Build.0 = MinSizeRel|Win32
		{9A3AB9F0-0F3D-335D-810D-CE5C834CC242}.RelWithDebInfo|Win32.ActiveCfg = RelWithDebInfo|Win32
		{9A3AB9F0-0F3D-335D-810D-CE5C834CC242}.RelWithDebInfo|Win32.Build.0 = RelWithDebInfo|Win32
		{E49EDF06-DF2C-3F5F-AA85-95104C934BBF}.Debug|Win32.ActiveCfg = Debug|Win32
		{E49EDF06-DF2C-3F5F-AA85-95104C934BBF}.Debug|Win32.Build.0 = Debug|Win32
		{E49EDF06-DF2C-3F5F-AA85-95104C934BBF}.Release|Win32.ActiveCfg = Release|Win32
		{E49EDF06-DF2C-3F5F-AA85-95104C934BBF}.Release|Win32.Build.0 = Release|Win32
		{E49EDF06-DF2C-3F5F-AA85-95104C934BBF}.MinSizeRel|Win32.ActiveCfg = MinSizeRel|Win32
		{E49EDF06-DF2C-3F5F-AA85-95104C934BBF}.MinSizeRel|Win32.Build.0 = MinSizeRel|Win32
		{E49EDF06-DF2C-3F5F-AA85-95104C934BBF}.RelWithDebInfo|Win32.ActiveCfg = RelWithDebInfo|Win32
		{E49EDF06-DF2C-3F5F-AA85-95104C934BBF}.RelWithDebInfo|Win32.Build.0 = RelWithDebInfo|Win32
		{6E83D295-6311-3146-9972-2B3CF5D03D1C}.Debug|Win32.ActiveCfg = Debug|Win32
		{6E83D295-6311-3146-9972-2B3CF5D03D1C}.Debug|Win32.Build.0 = Debug|Win32
		{6E83D295-6311-3146-9972-2B3CF5D03D1C}.Release|Win32.ActiveCfg = Release|Win32
		{6E83D295-6311-3146-9972-2B3CF5D03D1C}.Release|Win32.Build.0 = Release|Win32
		{6E83D295-6311-3146-9972-2B3CF5D03D1C}.MinSizeRel|Win32.ActiveCfg = MinSizeRel|Win32
		{6E83D295-6311-3146-9972-2B3CF5D03D1C}.MinSizeRel|Win32.Build.0 = MinSizeRel|Win32
		{6E83D295-6311-3146-9972-2B3CF5D03D1C}.RelWithDebInfo|Win32.ActiveCfg = RelWithDebInfo|Win32
		{6E83D295-6311-3146-9972-2B3CF5D03D1C}.RelWithDebInfo|Win32.Build.0 = RelWithDebInfo|Win32
	EndGlobalSection
	GlobalSection(ExtensibilityGlobals) = postSolution
		SolutionGuid = {E674E99F-3696-3165-A12A-AF77D54C4664}
	EndGlobalSection
	GlobalSection(ExtensibilityAddIns) = postSolution
	EndGlobalSection
EndGlobal
