<?xml version="1.0" encoding="UTF-8"?>
<Project ToolsVersion="12.0" xmlns="http://schemas.microsoft.com/developer/msbuild/2003">
  <ItemGroup>
    <ClCompile Include="G:\cocos2d-x-3.0-oh\cocos\editor-support\spine\Animation.cpp">
      <Filter>Source Files</Filter>
    </ClCompile>
    <ClCompile Include="G:\cocos2d-x-3.0-oh\cocos\editor-support\spine\AnimationState.cpp">
      <Filter>Source Files</Filter>
    </ClCompile>
    <ClCompile Include="G:\cocos2d-x-3.0-oh\cocos\editor-support\spine\AnimationStateData.cpp">
      <Filter>Source Files</Filter>
    </ClCompile>
    <ClCompile Include="G:\cocos2d-x-3.0-oh\cocos\editor-support\spine\Atlas.cpp">
      <Filter>Source Files</Filter>
    </ClCompile>
    <ClCompile Include="G:\cocos2d-x-3.0-oh\cocos\editor-support\spine\AtlasAttachmentLoader.cpp">
      <Filter>Source Files</Filter>
    </ClCompile>
    <ClCompile Include="G:\cocos2d-x-3.0-oh\cocos\editor-support\spine\Attachment.cpp">
      <Filter>Source Files</Filter>
    </ClCompile>
    <ClCompile Include="G:\cocos2d-x-3.0-oh\cocos\editor-support\spine\AttachmentLoader.cpp">
      <Filter>Source Files</Filter>
    </ClCompile>
    <ClCompile Include="G:\cocos2d-x-3.0-oh\cocos\editor-support\spine\Bone.cpp">
      <Filter>Source Files</Filter>
    </ClCompile>
    <ClCompile Include="G:\cocos2d-x-3.0-oh\cocos\editor-support\spine\BoneData.cpp">
      <Filter>Source Files</Filter>
    </ClCompile>
    <ClCompile Include="G:\cocos2d-x-3.0-oh\cocos\editor-support\spine\BoundingBoxAttachment.cpp">
      <Filter>Source Files</Filter>
    </ClCompile>
    <ClCompile Include="G:\cocos2d-x-3.0-oh\cocos\editor-support\spine\Event.cpp">
      <Filter>Source Files</Filter>
    </ClCompile>
    <ClCompile Include="G:\cocos2d-x-3.0-oh\cocos\editor-support\spine\EventData.cpp">
      <Filter>Source Files</Filter>
    </ClCompile>
    <ClCompile Include="G:\cocos2d-x-3.0-oh\cocos\editor-support\spine\Json.cpp">
      <Filter>Source Files</Filter>
    </ClCompile>
    <ClCompile Include="G:\cocos2d-x-3.0-oh\cocos\editor-support\spine\RegionAttachment.cpp">
      <Filter>Source Files</Filter>
    </ClCompile>
    <ClCompile Include="G:\cocos2d-x-3.0-oh\cocos\editor-support\spine\Skeleton.cpp">
      <Filter>Source Files</Filter>
    </ClCompile>
    <ClCompile Include="G:\cocos2d-x-3.0-oh\cocos\editor-support\spine\SkeletonBounds.cpp">
      <Filter>Source Files</Filter>
    </ClCompile>
    <ClCompile Include="G:\cocos2d-x-3.0-oh\cocos\editor-support\spine\SkeletonData.cpp">
      <Filter>Source Files</Filter>
    </ClCompile>
    <ClCompile Include="G:\cocos2d-x-3.0-oh\cocos\editor-support\spine\SkeletonJson.cpp">
      <Filter>Source Files</Filter>
    </ClCompile>
    <ClCompile Include="G:\cocos2d-x-3.0-oh\cocos\editor-support\spine\Skin.cpp">
      <Filter>Source Files</Filter>
    </ClCompile>
    <ClCompile Include="G:\cocos2d-x-3.0-oh\cocos\editor-support\spine\Slot.cpp">
      <Filter>Source Files</Filter>
    </ClCompile>
    <ClCompile Include="G:\cocos2d-x-3.0-oh\cocos\editor-support\spine\SlotData.cpp">
      <Filter>Source Files</Filter>
    </ClCompile>
    <ClCompile Include="G:\cocos2d-x-3.0-oh\cocos\editor-support\spine\extension.cpp">
      <Filter>Source Files</Filter>
    </ClCompile>
    <ClCompile Include="G:\cocos2d-x-3.0-oh\cocos\editor-support\spine\spine-cocos2dx.cpp">
      <Filter>Source Files</Filter>
    </ClCompile>
    <ClCompile Include="G:\cocos2d-x-3.0-oh\cocos\editor-support\spine\CCSkeleton.cpp">
      <Filter>Source Files</Filter>
    </ClCompile>
    <ClCompile Include="G:\cocos2d-x-3.0-oh\cocos\editor-support\spine\CCSkeletonAnimation.cpp">
      <Filter>Source Files</Filter>
    </ClCompile>
  </ItemGroup>
  <ItemGroup>
    <CustomBuild Include="G:\cocos2d-x-3.0-oh\cocos\editor-support\spine\CMakeLists.txt" />
  </ItemGroup>
  <ItemGroup>
    <Filter Include="Source Files">
      <UniqueIdentifier>{1271AA10-4F9A-3933-A174-7C67115049F2}</UniqueIdentifier>
    </Filter>
  </ItemGroup>
</Project>
