Microsoft Visual Studio Solution File, Format Version 12.00
# Visual Studio 2013
Project("{8BC9CEB8-8B4A-11D0-8D11-00A0C91BC942}") = "ALL_BUILD", "ALL_BUILD.vcxproj", "{C04C4006-8548-343E-BFB6-63DBED4BF4F3}"
	ProjectSection(ProjectDependencies) = postProject
		{C6F10ECE-5658-3E8C-AAD7-4EA34542FC86} = {C6F10ECE-5658-3E8C-AAD7-4EA34542FC86}
		{A47E3600-F086-31E0-9601-8CF1D39423E2} = {A47E3600-F086-31E0-9601-8CF1D39423E2}
		{4DCF52E1-6570-3302-8F2B-D882B4E6DC65} = {4DCF52E1-6570-3302-8F2B-D882B4E6DC65}
		{AA18D4A6-4C96-3CB4-8BAA-2F7E404E21B5} = {AA18D4A6-4C96-3CB4-8BAA-2F7E404E21B5}
		{B122BC52-FF57-3602-8E8C-7119478425B0} = {B122BC52-FF57-3602-8E8C-7119478425B0}
		{93665FB9-565C-3479-9489-830B6D9CF686} = {93665FB9-565C-3479-9489-830B6D9CF686}
		{DC5A3051-F795-3DBE-BEEF-2218362B10DB} = {DC5A3051-F795-3DBE-BEEF-2218362B10DB}
		{EF24F0D8-0C1E-3452-BDF6-A0872B45D867} = {EF24F0D8-0C1E-3452-BDF6-A0872B45D867}
		{A296C426-DE26-3722-923B-48F6487DB719} = {A296C426-DE26-3722-923B-48F6487DB719}
		{4375D272-3283-3141-939E-FFBC3D6EF61B} = {4375D272-3283-3141-939E-FFBC3D6EF61B}
		{08E9B65E-CBBE-3C4A-9F05-6E31E8ADCA9F} = {08E9B65E-CBBE-3C4A-9F05-6E31E8ADCA9F}
		{56717106-3616-3C6C-B70A-8B47E0AD80EA} = {56717106-3616-3C6C-B70A-8B47E0AD80EA}
		{7EF54951-25E8-3D96-8060-08D6695846EE} = {7EF54951-25E8-3D96-8060-08D6695846EE}
		{7583C4E8-7EB4-31C4-99DA-131AE55FEC51} = {7583C4E8-7EB4-31C4-99DA-131AE55FEC51}
		{E0396D36-099A-3966-A447-43AE65ADB37C} = {E0396D36-099A-3966-A447-43AE65ADB37C}
		{D735C873-EECA-3308-9E21-B28F910543AF} = {D735C873-EECA-3308-9E21-B28F910543AF}
		{D1F9C7B8-0FA7-361C-BD26-1E0ABE49F8AB} = {D1F9C7B8-0FA7-361C-BD26-1E0ABE49F8AB}
		{D4A7F29F-4574-36E6-9050-D92D42C0E3CD} = {D4A7F29F-4574-36E6-9050-D92D42C0E3CD}
		{7B36E620-AAA7-33D7-AF72-5867979908DC} = {7B36E620-AAA7-33D7-AF72-5867979908DC}
	EndProjectSection
EndProject
Project("{8BC9CEB8-8B4A-11D0-8D11-00A0C91BC942}") = "INSTALL", "INSTALL.vcxproj", "{C28713C6-DA8C-3FCC-BCF0-13C6E6E36D81}"
	ProjectSection(ProjectDependencies) = postProject
		{C04C4006-8548-343E-BFB6-63DBED4BF4F3} = {C04C4006-8548-343E-BFB6-63DBED4BF4F3}
		{C6F10ECE-5658-3E8C-AAD7-4EA34542FC86} = {C6F10ECE-5658-3E8C-AAD7-4EA34542FC86}
	EndProjectSection
EndProject
Project("{8BC9CEB8-8B4A-11D0-8D11-00A0C91BC942}") = "ZERO_CHECK", "ZERO_CHECK.vcxproj", "{C6F10ECE-5658-3E8C-AAD7-4EA34542FC86}"
	ProjectSection(ProjectDependencies) = postProject
	EndProjectSection
EndProject
Project("{8BC9CEB8-8B4A-11D0-8D11-00A0C91BC942}") = "audio", "cocos\audio\audio.vcxproj", "{A47E3600-F086-31E0-9601-8CF1D39423E2}"
	ProjectSection(ProjectDependencies) = postProject
		{C6F10ECE-5658-3E8C-AAD7-4EA34542FC86} = {C6F10ECE-5658-3E8C-AAD7-4EA34542FC86}
	EndProjectSection
EndProject
Project("{8BC9CEB8-8B4A-11D0-8D11-00A0C91BC942}") = "box2d", "external\Box2D\box2d.vcxproj", "{4DCF52E1-6570-3302-8F2B-D882B4E6DC65}"
	ProjectSection(ProjectDependencies) = postProject
		{C6F10ECE-5658-3E8C-AAD7-4EA34542FC86} = {C6F10ECE-5658-3E8C-AAD7-4EA34542FC86}
	EndProjectSection
EndProject
Project("{8BC9CEB8-8B4A-11D0-8D11-00A0C91BC942}") = "chipmunk_static", "external\chipmunk\src\chipmunk_static.vcxproj", "{AA18D4A6-4C96-3CB4-8BAA-2F7E404E21B5}"
	ProjectSection(ProjectDependencies) = postProject
		{C6F10ECE-5658-3E8C-AAD7-4EA34542FC86} = {C6F10ECE-5658-3E8C-AAD7-4EA34542FC86}
	EndProjectSection
EndProject
Project("{8BC9CEB8-8B4A-11D0-8D11-00A0C91BC942}") = "cocos2d", "cocos\2d\cocos2d.vcxproj", "{B122BC52-FF57-3602-8E8C-7119478425B0}"
	ProjectSection(ProjectDependencies) = postProject
		{C6F10ECE-5658-3E8C-AAD7-4EA34542FC86} = {C6F10ECE-5658-3E8C-AAD7-4EA34542FC86}
		{AA18D4A6-4C96-3CB4-8BAA-2F7E404E21B5} = {AA18D4A6-4C96-3CB4-8BAA-2F7E404E21B5}
		{93665FB9-565C-3479-9489-830B6D9CF686} = {93665FB9-565C-3479-9489-830B6D9CF686}
		{56717106-3616-3C6C-B70A-8B47E0AD80EA} = {56717106-3616-3C6C-B70A-8B47E0AD80EA}
		{D735C873-EECA-3308-9E21-B28F910543AF} = {D735C873-EECA-3308-9E21-B28F910543AF}
		{D4A7F29F-4574-36E6-9050-D92D42C0E3CD} = {D4A7F29F-4574-36E6-9050-D92D42C0E3CD}
		{7B36E620-AAA7-33D7-AF72-5867979908DC} = {7B36E620-AAA7-33D7-AF72-5867979908DC}
	EndProjectSection
EndProject
Project("{8BC9CEB8-8B4A-11D0-8D11-00A0C91BC942}") = "cocosbase", "cocos\base\cocosbase.vcxproj", "{93665FB9-565C-3479-9489-830B6D9CF686}"
	ProjectSection(ProjectDependencies) = postProject
		{C6F10ECE-5658-3E8C-AAD7-4EA34542FC86} = {C6F10ECE-5658-3E8C-AAD7-4EA34542FC86}
	EndProjectSection
EndProject
Project("{8BC9CEB8-8B4A-11D0-8D11-00A0C91BC942}") = "cocosbuilder", "cocos\editor-support\cocosbuilder\cocosbuilder.vcxproj", "{DC5A3051-F795-3DBE-BEEF-2218362B10DB}"
	ProjectSection(ProjectDependencies) = postProject
		{C6F10ECE-5658-3E8C-AAD7-4EA34542FC86} = {C6F10ECE-5658-3E8C-AAD7-4EA34542FC86}
	EndProjectSection
EndProject
Project("{8BC9CEB8-8B4A-11D0-8D11-00A0C91BC942}") = "cocostudio", "cocos\editor-support\cocostudio\cocostudio.vcxproj", "{EF24F0D8-0C1E-3452-BDF6-A0872B45D867}"
	ProjectSection(ProjectDependencies) = postProject
		{C6F10ECE-5658-3E8C-AAD7-4EA34542FC86} = {C6F10ECE-5658-3E8C-AAD7-4EA34542FC86}
	EndProjectSection
EndProject
Project("{8BC9CEB8-8B4A-11D0-8D11-00A0C91BC942}") = "cpp-tests", "tests\cpp-tests\cpp-tests.vcxproj", "{A296C426-DE26-3722-923B-48F6487DB719}"
	ProjectSection(ProjectDependencies) = postProject
		{C6F10ECE-5658-3E8C-AAD7-4EA34542FC86} = {C6F10ECE-5658-3E8C-AAD7-4EA34542FC86}
		{A47E3600-F086-31E0-9601-8CF1D39423E2} = {A47E3600-F086-31E0-9601-8CF1D39423E2}
		{4DCF52E1-6570-3302-8F2B-D882B4E6DC65} = {4DCF52E1-6570-3302-8F2B-D882B4E6DC65}
		{AA18D4A6-4C96-3CB4-8BAA-2F7E404E21B5} = {AA18D4A6-4C96-3CB4-8BAA-2F7E404E21B5}
		{B122BC52-FF57-3602-8E8C-7119478425B0} = {B122BC52-FF57-3602-8E8C-7119478425B0}
		{93665FB9-565C-3479-9489-830B6D9CF686} = {93665FB9-565C-3479-9489-830B6D9CF686}
		{DC5A3051-F795-3DBE-BEEF-2218362B10DB} = {DC5A3051-F795-3DBE-BEEF-2218362B10DB}
		{EF24F0D8-0C1E-3452-BDF6-A0872B45D867} = {EF24F0D8-0C1E-3452-BDF6-A0872B45D867}
		{08E9B65E-CBBE-3C4A-9F05-6E31E8ADCA9F} = {08E9B65E-CBBE-3C4A-9F05-6E31E8ADCA9F}
		{56717106-3616-3C6C-B70A-8B47E0AD80EA} = {56717106-3616-3C6C-B70A-8B47E0AD80EA}
		{7EF54951-25E8-3D96-8060-08D6695846EE} = {7EF54951-25E8-3D96-8060-08D6695846EE}
		{7583C4E8-7EB4-31C4-99DA-131AE55FEC51} = {7583C4E8-7EB4-31C4-99DA-131AE55FEC51}
		{D735C873-EECA-3308-9E21-B28F910543AF} = {D735C873-EECA-3308-9E21-B28F910543AF}
		{D1F9C7B8-0FA7-361C-BD26-1E0ABE49F8AB} = {D1F9C7B8-0FA7-361C-BD26-1E0ABE49F8AB}
		{D4A7F29F-4574-36E6-9050-D92D42C0E3CD} = {D4A7F29F-4574-36E6-9050-D92D42C0E3CD}
		{7B36E620-AAA7-33D7-AF72-5867979908DC} = {7B36E620-AAA7-33D7-AF72-5867979908DC}
	EndProjectSection
EndProject
Project("{8BC9CEB8-8B4A-11D0-8D11-00A0C91BC942}") = "cpp-tests_CORE_PRE_BUILD", "tests\cpp-tests\cpp-tests_CORE_PRE_BUILD.vcxproj", "{92129119-75E7-3AE1-ADD9-6E2F4069F3B9}"
	ProjectSection(ProjectDependencies) = postProject
		{C6F10ECE-5658-3E8C-AAD7-4EA34542FC86} = {C6F10ECE-5658-3E8C-AAD7-4EA34542FC86}
	EndProjectSection
EndProject
Project("{8BC9CEB8-8B4A-11D0-8D11-00A0C91BC942}") = "cpp-tests_PRE_BUILD", "tests\cpp-tests\cpp-tests_PRE_BUILD.vcxproj", "{4375D272-3283-3141-939E-FFBC3D6EF61B}"
	ProjectSection(ProjectDependencies) = postProject
		{C6F10ECE-5658-3E8C-AAD7-4EA34542FC86} = {C6F10ECE-5658-3E8C-AAD7-4EA34542FC86}
		{92129119-75E7-3AE1-ADD9-6E2F4069F3B9} = {92129119-75E7-3AE1-ADD9-6E2F4069F3B9}
	EndProjectSection
EndProject
Project("{8BC9CEB8-8B4A-11D0-8D11-00A0C91BC942}") = "extensions", "extensions\extensions.vcxproj", "{08E9B65E-CBBE-3C4A-9F05-6E31E8ADCA9F}"
	ProjectSection(ProjectDependencies) = postProject
		{C6F10ECE-5658-3E8C-AAD7-4EA34542FC86} = {C6F10ECE-5658-3E8C-AAD7-4EA34542FC86}
	EndProjectSection
EndProject
Project("{8BC9CEB8-8B4A-11D0-8D11-00A0C91BC942}") = "kazmath", "cocos\math\kazmath\kazmath\kazmath.vcxproj", "{56717106-3616-3C6C-B70A-8B47E0AD80EA}"
	ProjectSection(ProjectDependencies) = postProject
		{C6F10ECE-5658-3E8C-AAD7-4EA34542FC86} = {C6F10ECE-5658-3E8C-AAD7-4EA34542FC86}
	EndProjectSection
EndProject
Project("{8BC9CEB8-8B4A-11D0-8D11-00A0C91BC942}") = "network", "cocos\network\network.vcxproj", "{7EF54951-25E8-3D96-8060-08D6695846EE}"
	ProjectSection(ProjectDependencies) = postProject
		{C6F10ECE-5658-3E8C-AAD7-4EA34542FC86} = {C6F10ECE-5658-3E8C-AAD7-4EA34542FC86}
	EndProjectSection
EndProject
Project("{8BC9CEB8-8B4A-11D0-8D11-00A0C91BC942}") = "spine", "cocos\editor-support\spine\spine.vcxproj", "{7583C4E8-7EB4-31C4-99DA-131AE55FEC51}"
	ProjectSection(ProjectDependencies) = postProject
		{C6F10ECE-5658-3E8C-AAD7-4EA34542FC86} = {C6F10ECE-5658-3E8C-AAD7-4EA34542FC86}
	EndProjectSection
EndProject
Project("{8BC9CEB8-8B4A-11D0-8D11-00A0C91BC942}") = "storage", "cocos\storage\storage.vcxproj", "{E0396D36-099A-3966-A447-43AE65ADB37C}"
	ProjectSection(ProjectDependencies) = postProject
		{C6F10ECE-5658-3E8C-AAD7-4EA34542FC86} = {C6F10ECE-5658-3E8C-AAD7-4EA34542FC86}
	EndProjectSection
EndProject
Project("{8BC9CEB8-8B4A-11D0-8D11-00A0C91BC942}") = "tinyxml2", "external\tinyxml2\tinyxml2.vcxproj", "{D735C873-EECA-3308-9E21-B28F910543AF}"
	ProjectSection(ProjectDependencies) = postProject
		{C6F10ECE-5658-3E8C-AAD7-4EA34542FC86} = {C6F10ECE-5658-3E8C-AAD7-4EA34542FC86}
	EndProjectSection
EndProject
Project("{8BC9CEB8-8B4A-11D0-8D11-00A0C91BC942}") = "ui", "cocos\ui\ui.vcxproj", "{D1F9C7B8-0FA7-361C-BD26-1E0ABE49F8AB}"
	ProjectSection(ProjectDependencies) = postProject
		{C6F10ECE-5658-3E8C-AAD7-4EA34542FC86} = {C6F10ECE-5658-3E8C-AAD7-4EA34542FC86}
	EndProjectSection
EndProject
Project("{8BC9CEB8-8B4A-11D0-8D11-00A0C91BC942}") = "unzip", "external\unzip\unzip.vcxproj", "{D4A7F29F-4574-36E6-9050-D92D42C0E3CD}"
	ProjectSection(ProjectDependencies) = postProject
		{C6F10ECE-5658-3E8C-AAD7-4EA34542FC86} = {C6F10ECE-5658-3E8C-AAD7-4EA34542FC86}
	EndProjectSection
EndProject
Project("{8BC9CEB8-8B4A-11D0-8D11-00A0C91BC942}") = "xxhash", "external\xxhash\xxhash.vcxproj", "{7B36E620-AAA7-33D7-AF72-5867979908DC}"
	ProjectSection(ProjectDependencies) = postProject
		{C6F10ECE-5658-3E8C-AAD7-4EA34542FC86} = {C6F10ECE-5658-3E8C-AAD7-4EA34542FC86}
	EndProjectSection
EndProject
Global
	GlobalSection(SolutionConfigurationPlatforms) = preSolution
		Debug|x64 = Debug|x64
		Release|x64 = Release|x64
		MinSizeRel|x64 = MinSizeRel|x64
		RelWithDebInfo|x64 = RelWithDebInfo|x64
	EndGlobalSection
	GlobalSection(ProjectConfigurationPlatforms) = postSolution
		{C04C4006-8548-343E-BFB6-63DBED4BF4F3}.Debug|x64.ActiveCfg = Debug|x64
		{C04C4006-8548-343E-BFB6-63DBED4BF4F3}.Debug|x64.Build.0 = Debug|x64
		{C04C4006-8548-343E-BFB6-63DBED4BF4F3}.Release|x64.ActiveCfg = Release|x64
		{C04C4006-8548-343E-BFB6-63DBED4BF4F3}.Release|x64.Build.0 = Release|x64
		{C04C4006-8548-343E-BFB6-63DBED4BF4F3}.MinSizeRel|x64.ActiveCfg = MinSizeRel|x64
		{C04C4006-8548-343E-BFB6-63DBED4BF4F3}.MinSizeRel|x64.Build.0 = MinSizeRel|x64
		{C04C4006-8548-343E-BFB6-63DBED4BF4F3}.RelWithDebInfo|x64.ActiveCfg = RelWithDebInfo|x64
		{C04C4006-8548-343E-BFB6-63DBED4BF4F3}.RelWithDebInfo|x64.Build.0 = RelWithDebInfo|x64
		{C28713C6-DA8C-3FCC-BCF0-13C6E6E36D81}.Debug|x64.ActiveCfg = Debug|x64
		{C28713C6-DA8C-3FCC-BCF0-13C6E6E36D81}.Release|x64.ActiveCfg = Release|x64
		{C28713C6-DA8C-3FCC-BCF0-13C6E6E36D81}.MinSizeRel|x64.ActiveCfg = MinSizeRel|x64
		{C28713C6-DA8C-3FCC-BCF0-13C6E6E36D81}.RelWithDebInfo|x64.ActiveCfg = RelWithDebInfo|x64
		{C6F10ECE-5658-3E8C-AAD7-4EA34542FC86}.Debug|x64.ActiveCfg = Debug|x64
		{C6F10ECE-5658-3E8C-AAD7-4EA34542FC86}.Debug|x64.Build.0 = Debug|x64
		{C6F10ECE-5658-3E8C-AAD7-4EA34542FC86}.Release|x64.ActiveCfg = Release|x64
		{C6F10ECE-5658-3E8C-AAD7-4EA34542FC86}.Release|x64.Build.0 = Release|x64
		{C6F10ECE-5658-3E8C-AAD7-4EA34542FC86}.MinSizeRel|x64.ActiveCfg = MinSizeRel|x64
		{C6F10ECE-5658-3E8C-AAD7-4EA34542FC86}.MinSizeRel|x64.Build.0 = MinSizeRel|x64
		{C6F10ECE-5658-3E8C-AAD7-4EA34542FC86}.RelWithDebInfo|x64.ActiveCfg = RelWithDebInfo|x64
		{C6F10ECE-5658-3E8C-AAD7-4EA34542FC86}.RelWithDebInfo|x64.Build.0 = RelWithDebInfo|x64
		{A47E3600-F086-31E0-9601-8CF1D39423E2}.Debug|x64.ActiveCfg = Debug|x64
		{A47E3600-F086-31E0-9601-8CF1D39423E2}.Debug|x64.Build.0 = Debug|x64
		{A47E3600-F086-31E0-9601-8CF1D39423E2}.Release|x64.ActiveCfg = Release|x64
		{A47E3600-F086-31E0-9601-8CF1D39423E2}.Release|x64.Build.0 = Release|x64
		{A47E3600-F086-31E0-9601-8CF1D39423E2}.MinSizeRel|x64.ActiveCfg = MinSizeRel|x64
		{A47E3600-F086-31E0-9601-8CF1D39423E2}.MinSizeRel|x64.Build.0 = MinSizeRel|x64
		{A47E3600-F086-31E0-9601-8CF1D39423E2}.RelWithDebInfo|x64.ActiveCfg = RelWithDebInfo|x64
		{A47E3600-F086-31E0-9601-8CF1D39423E2}.RelWithDebInfo|x64.Build.0 = RelWithDebInfo|x64
		{4DCF52E1-6570-3302-8F2B-D882B4E6DC65}.Debug|x64.ActiveCfg = Debug|x64
		{4DCF52E1-6570-3302-8F2B-D882B4E6DC65}.Debug|x64.Build.0 = Debug|x64
		{4DCF52E1-6570-3302-8F2B-D882B4E6DC65}.Release|x64.ActiveCfg = Release|x64
		{4DCF52E1-6570-3302-8F2B-D882B4E6DC65}.Release|x64.Build.0 = Release|x64
		{4DCF52E1-6570-3302-8F2B-D882B4E6DC65}.MinSizeRel|x64.ActiveCfg = MinSizeRel|x64
		{4DCF52E1-6570-3302-8F2B-D882B4E6DC65}.MinSizeRel|x64.Build.0 = MinSizeRel|x64
		{4DCF52E1-6570-3302-8F2B-D882B4E6DC65}.RelWithDebInfo|x64.ActiveCfg = RelWithDebInfo|x64
		{4DCF52E1-6570-3302-8F2B-D882B4E6DC65}.RelWithDebInfo|x64.Build.0 = RelWithDebInfo|x64
		{AA18D4A6-4C96-3CB4-8BAA-2F7E404E21B5}.Debug|x64.ActiveCfg = Debug|x64
		{AA18D4A6-4C96-3CB4-8BAA-2F7E404E21B5}.Debug|x64.Build.0 = Debug|x64
		{AA18D4A6-4C96-3CB4-8BAA-2F7E404E21B5}.Release|x64.ActiveCfg = Release|x64
		{AA18D4A6-4C96-3CB4-8BAA-2F7E404E21B5}.Release|x64.Build.0 = Release|x64
		{AA18D4A6-4C96-3CB4-8BAA-2F7E404E21B5}.MinSizeRel|x64.ActiveCfg = MinSizeRel|x64
		{AA18D4A6-4C96-3CB4-8BAA-2F7E404E21B5}.MinSizeRel|x64.Build.0 = MinSizeRel|x64
		{AA18D4A6-4C96-3CB4-8BAA-2F7E404E21B5}.RelWithDebInfo|x64.ActiveCfg = RelWithDebInfo|x64
		{AA18D4A6-4C96-3CB4-8BAA-2F7E404E21B5}.RelWithDebInfo|x64.Build.0 = RelWithDebInfo|x64
		{B122BC52-FF57-3602-8E8C-7119478425B0}.Debug|x64.ActiveCfg = Debug|x64
		{B122BC52-FF57-3602-8E8C-7119478425B0}.Debug|x64.Build.0 = Debug|x64
		{B122BC52-FF57-3602-8E8C-7119478425B0}.Release|x64.ActiveCfg = Release|x64
		{B122BC52-FF57-3602-8E8C-7119478425B0}.Release|x64.Build.0 = Release|x64
		{B122BC52-FF57-3602-8E8C-7119478425B0}.MinSizeRel|x64.ActiveCfg = MinSizeRel|x64
		{B122BC52-FF57-3602-8E8C-7119478425B0}.MinSizeRel|x64.Build.0 = MinSizeRel|x64
		{B122BC52-FF57-3602-8E8C-7119478425B0}.RelWithDebInfo|x64.ActiveCfg = RelWithDebInfo|x64
		{B122BC52-FF57-3602-8E8C-7119478425B0}.RelWithDebInfo|x64.Build.0 = RelWithDebInfo|x64
		{93665FB9-565C-3479-9489-830B6D9CF686}.Debug|x64.ActiveCfg = Debug|x64
		{93665FB9-565C-3479-9489-830B6D9CF686}.Debug|x64.Build.0 = Debug|x64
		{93665FB9-565C-3479-9489-830B6D9CF686}.Release|x64.ActiveCfg = Release|x64
		{93665FB9-565C-3479-9489-830B6D9CF686}.Release|x64.Build.0 = Release|x64
		{93665FB9-565C-3479-9489-830B6D9CF686}.MinSizeRel|x64.ActiveCfg = MinSizeRel|x64
		{93665FB9-565C-3479-9489-830B6D9CF686}.MinSizeRel|x64.Build.0 = MinSizeRel|x64
		{93665FB9-565C-3479-9489-830B6D9CF686}.RelWithDebInfo|x64.ActiveCfg = RelWithDebInfo|x64
		{93665FB9-565C-3479-9489-830B6D9CF686}.RelWithDebInfo|x64.Build.0 = RelWithDebInfo|x64
		{DC5A3051-F795-3DBE-BEEF-2218362B10DB}.Debug|x64.ActiveCfg = Debug|x64
		{DC5A3051-F795-3DBE-BEEF-2218362B10DB}.Debug|x64.Build.0 = Debug|x64
		{DC5A3051-F795-3DBE-BEEF-2218362B10DB}.Release|x64.ActiveCfg = Release|x64
		{DC5A3051-F795-3DBE-BEEF-2218362B10DB}.Release|x64.Build.0 = Release|x64
		{DC5A3051-F795-3DBE-BEEF-2218362B10DB}.MinSizeRel|x64.ActiveCfg = MinSizeRel|x64
		{DC5A3051-F795-3DBE-BEEF-2218362B10DB}.MinSizeRel|x64.Build.0 = MinSizeRel|x64
		{DC5A3051-F795-3DBE-BEEF-2218362B10DB}.RelWithDebInfo|x64.ActiveCfg = RelWithDebInfo|x64
		{DC5A3051-F795-3DBE-BEEF-2218362B10DB}.RelWithDebInfo|x64.Build.0 = RelWithDebInfo|x64
		{EF24F0D8-0C1E-3452-BDF6-A0872B45D867}.Debug|x64.ActiveCfg = Debug|x64
		{EF24F0D8-0C1E-3452-BDF6-A0872B45D867}.Debug|x64.Build.0 = Debug|x64
		{EF24F0D8-0C1E-3452-BDF6-A0872B45D867}.Release|x64.ActiveCfg = Release|x64
		{EF24F0D8-0C1E-3452-BDF6-A0872B45D867}.Release|x64.Build.0 = Release|x64
		{EF24F0D8-0C1E-3452-BDF6-A0872B45D867}.MinSizeRel|x64.ActiveCfg = MinSizeRel|x64
		{EF24F0D8-0C1E-3452-BDF6-A0872B45D867}.MinSizeRel|x64.Build.0 = MinSizeRel|x64
		{EF24F0D8-0C1E-3452-BDF6-A0872B45D867}.RelWithDebInfo|x64.ActiveCfg = RelWithDebInfo|x64
		{EF24F0D8-0C1E-3452-BDF6-A0872B45D867}.RelWithDebInfo|x64.Build.0 = RelWithDebInfo|x64
		{A296C426-DE26-3722-923B-48F6487DB719}.Debug|x64.ActiveCfg = Debug|x64
		{A296C426-DE26-3722-923B-48F6487DB719}.Debug|x64.Build.0 = Debug|x64
		{A296C426-DE26-3722-923B-48F6487DB719}.Release|x64.ActiveCfg = Release|x64
		{A296C426-DE26-3722-923B-48F6487DB719}.Release|x64.Build.0 = Release|x64
		{A296C426-DE26-3722-923B-48F6487DB719}.MinSizeRel|x64.ActiveCfg = MinSizeRel|x64
		{A296C426-DE26-3722-923B-48F6487DB719}.MinSizeRel|x64.Build.0 = MinSizeRel|x64
		{A296C426-DE26-3722-923B-48F6487DB719}.RelWithDebInfo|x64.ActiveCfg = RelWithDebInfo|x64
		{A296C426-DE26-3722-923B-48F6487DB719}.RelWithDebInfo|x64.Build.0 = RelWithDebInfo|x64
		{92129119-75E7-3AE1-ADD9-6E2F4069F3B9}.Debug|x64.ActiveCfg = Debug|x64
		{92129119-75E7-3AE1-ADD9-6E2F4069F3B9}.Debug|x64.Build.0 = Debug|x64
		{92129119-75E7-3AE1-ADD9-6E2F4069F3B9}.Release|x64.ActiveCfg = Release|x64
		{92129119-75E7-3AE1-ADD9-6E2F4069F3B9}.Release|x64.Build.0 = Release|x64
		{92129119-75E7-3AE1-ADD9-6E2F4069F3B9}.MinSizeRel|x64.ActiveCfg = MinSizeRel|x64
		{92129119-75E7-3AE1-ADD9-6E2F4069F3B9}.MinSizeRel|x64.Build.0 = MinSizeRel|x64
		{92129119-75E7-3AE1-ADD9-6E2F4069F3B9}.RelWithDebInfo|x64.ActiveCfg = RelWithDebInfo|x64
		{92129119-75E7-3AE1-ADD9-6E2F4069F3B9}.RelWithDebInfo|x64.Build.0 = RelWithDebInfo|x64
		{4375D272-3283-3141-939E-FFBC3D6EF61B}.Debug|x64.ActiveCfg = Debug|x64
		{4375D272-3283-3141-939E-FFBC3D6EF61B}.Debug|x64.Build.0 = Debug|x64
		{4375D272-3283-3141-939E-FFBC3D6EF61B}.Release|x64.ActiveCfg = Release|x64
		{4375D272-3283-3141-939E-FFBC3D6EF61B}.Release|x64.Build.0 = Release|x64
		{4375D272-3283-3141-939E-FFBC3D6EF61B}.MinSizeRel|x64.ActiveCfg = MinSizeRel|x64
		{4375D272-3283-3141-939E-FFBC3D6EF61B}.MinSizeRel|x64.Build.0 = MinSizeRel|x64
		{4375D272-3283-3141-939E-FFBC3D6EF61B}.RelWithDebInfo|x64.ActiveCfg = RelWithDebInfo|x64
		{4375D272-3283-3141-939E-FFBC3D6EF61B}.RelWithDebInfo|x64.Build.0 = RelWithDebInfo|x64
		{08E9B65E-CBBE-3C4A-9F05-6E31E8ADCA9F}.Debug|x64.ActiveCfg = Debug|x64
		{08E9B65E-CBBE-3C4A-9F05-6E31E8ADCA9F}.Debug|x64.Build.0 = Debug|x64
		{08E9B65E-CBBE-3C4A-9F05-6E31E8ADCA9F}.Release|x64.ActiveCfg = Release|x64
		{08E9B65E-CBBE-3C4A-9F05-6E31E8ADCA9F}.Release|x64.Build.0 = Release|x64
		{08E9B65E-CBBE-3C4A-9F05-6E31E8ADCA9F}.MinSizeRel|x64.ActiveCfg = MinSizeRel|x64
		{08E9B65E-CBBE-3C4A-9F05-6E31E8ADCA9F}.MinSizeRel|x64.Build.0 = MinSizeRel|x64
		{08E9B65E-CBBE-3C4A-9F05-6E31E8ADCA9F}.RelWithDebInfo|x64.ActiveCfg = RelWithDebInfo|x64
		{08E9B65E-CBBE-3C4A-9F05-6E31E8ADCA9F}.RelWithDebInfo|x64.Build.0 = RelWithDebInfo|x64
		{56717106-3616-3C6C-B70A-8B47E0AD80EA}.Debug|x64.ActiveCfg = Debug|x64
		{56717106-3616-3C6C-B70A-8B47E0AD80EA}.Debug|x64.Build.0 = Debug|x64
		{56717106-3616-3C6C-B70A-8B47E0AD80EA}.Release|x64.ActiveCfg = Release|x64
		{56717106-3616-3C6C-B70A-8B47E0AD80EA}.Release|x64.Build.0 = Release|x64
		{56717106-3616-3C6C-B70A-8B47E0AD80EA}.MinSizeRel|x64.ActiveCfg = MinSizeRel|x64
		{56717106-3616-3C6C-B70A-8B47E0AD80EA}.MinSizeRel|x64.Build.0 = MinSizeRel|x64
		{56717106-3616-3C6C-B70A-8B47E0AD80EA}.RelWithDebInfo|x64.ActiveCfg = RelWithDebInfo|x64
		{56717106-3616-3C6C-B70A-8B47E0AD80EA}.RelWithDebInfo|x64.Build.0 = RelWithDebInfo|x64
		{7EF54951-25E8-3D96-8060-08D6695846EE}.Debug|x64.ActiveCfg = Debug|x64
		{7EF54951-25E8-3D96-8060-08D6695846EE}.Debug|x64.Build.0 = Debug|x64
		{7EF54951-25E8-3D96-8060-08D6695846EE}.Release|x64.ActiveCfg = Release|x64
		{7EF54951-25E8-3D96-8060-08D6695846EE}.Release|x64.Build.0 = Release|x64
		{7EF54951-25E8-3D96-8060-08D6695846EE}.MinSizeRel|x64.ActiveCfg = MinSizeRel|x64
		{7EF54951-25E8-3D96-8060-08D6695846EE}.MinSizeRel|x64.Build.0 = MinSizeRel|x64
		{7EF54951-25E8-3D96-8060-08D6695846EE}.RelWithDebInfo|x64.ActiveCfg = RelWithDebInfo|x64
		{7EF54951-25E8-3D96-8060-08D6695846EE}.RelWithDebInfo|x64.Build.0 = RelWithDebInfo|x64
		{7583C4E8-7EB4-31C4-99DA-131AE55FEC51}.Debug|x64.ActiveCfg = Debug|x64
		{7583C4E8-7EB4-31C4-99DA-131AE55FEC51}.Debug|x64.Build.0 = Debug|x64
		{7583C4E8-7EB4-31C4-99DA-131AE55FEC51}.Release|x64.ActiveCfg = Release|x64
		{7583C4E8-7EB4-31C4-99DA-131AE55FEC51}.Release|x64.Build.0 = Release|x64
		{7583C4E8-7EB4-31C4-99DA-131AE55FEC51}.MinSizeRel|x64.ActiveCfg = MinSizeRel|x64
		{7583C4E8-7EB4-31C4-99DA-131AE55FEC51}.MinSizeRel|x64.Build.0 = MinSizeRel|x64
		{7583C4E8-7EB4-31C4-99DA-131AE55FEC51}.RelWithDebInfo|x64.ActiveCfg = RelWithDebInfo|x64
		{7583C4E8-7EB4-31C4-99DA-131AE55FEC51}.RelWithDebInfo|x64.Build.0 = RelWithDebInfo|x64
		{E0396D36-099A-3966-A447-43AE65ADB37C}.Debug|x64.ActiveCfg = Debug|x64
		{E0396D36-099A-3966-A447-43AE65ADB37C}.Debug|x64.Build.0 = Debug|x64
		{E0396D36-099A-3966-A447-43AE65ADB37C}.Release|x64.ActiveCfg = Release|x64
		{E0396D36-099A-3966-A447-43AE65ADB37C}.Release|x64.Build.0 = Release|x64
		{E0396D36-099A-3966-A447-43AE65ADB37C}.MinSizeRel|x64.ActiveCfg = MinSizeRel|x64
		{E0396D36-099A-3966-A447-43AE65ADB37C}.MinSizeRel|x64.Build.0 = MinSizeRel|x64
		{E0396D36-099A-3966-A447-43AE65ADB37C}.RelWithDebInfo|x64.ActiveCfg = RelWithDebInfo|x64
		{E0396D36-099A-3966-A447-43AE65ADB37C}.RelWithDebInfo|x64.Build.0 = RelWithDebInfo|x64
		{D735C873-EECA-3308-9E21-B28F910543AF}.Debug|x64.ActiveCfg = Debug|x64
		{D735C873-EECA-3308-9E21-B28F910543AF}.Debug|x64.Build.0 = Debug|x64
		{D735C873-EECA-3308-9E21-B28F910543AF}.Release|x64.ActiveCfg = Release|x64
		{D735C873-EECA-3308-9E21-B28F910543AF}.Release|x64.Build.0 = Release|x64
		{D735C873-EECA-3308-9E21-B28F910543AF}.MinSizeRel|x64.ActiveCfg = MinSizeRel|x64
		{D735C873-EECA-3308-9E21-B28F910543AF}.MinSizeRel|x64.Build.0 = MinSizeRel|x64
		{D735C873-EECA-3308-9E21-B28F910543AF}.RelWithDebInfo|x64.ActiveCfg = RelWithDebInfo|x64
		{D735C873-EECA-3308-9E21-B28F910543AF}.RelWithDebInfo|x64.Build.0 = RelWithDebInfo|x64
		{D1F9C7B8-0FA7-361C-BD26-1E0ABE49F8AB}.Debug|x64.ActiveCfg = Debug|x64
		{D1F9C7B8-0FA7-361C-BD26-1E0ABE49F8AB}.Debug|x64.Build.0 = Debug|x64
		{D1F9C7B8-0FA7-361C-BD26-1E0ABE49F8AB}.Release|x64.ActiveCfg = Release|x64
		{D1F9C7B8-0FA7-361C-BD26-1E0ABE49F8AB}.Release|x64.Build.0 = Release|x64
		{D1F9C7B8-0FA7-361C-BD26-1E0ABE49F8AB}.MinSizeRel|x64.ActiveCfg = MinSizeRel|x64
		{D1F9C7B8-0FA7-361C-BD26-1E0ABE49F8AB}.MinSizeRel|x64.Build.0 = MinSizeRel|x64
		{D1F9C7B8-0FA7-361C-BD26-1E0ABE49F8AB}.RelWithDebInfo|x64.ActiveCfg = RelWithDebInfo|x64
		{D1F9C7B8-0FA7-361C-BD26-1E0ABE49F8AB}.RelWithDebInfo|x64.Build.0 = RelWithDebInfo|x64
		{D4A7F29F-4574-36E6-9050-D92D42C0E3CD}.Debug|x64.ActiveCfg = Debug|x64
		{D4A7F29F-4574-36E6-9050-D92D42C0E3CD}.Debug|x64.Build.0 = Debug|x64
		{D4A7F29F-4574-36E6-9050-D92D42C0E3CD}.Release|x64.ActiveCfg = Release|x64
		{D4A7F29F-4574-36E6-9050-D92D42C0E3CD}.Release|x64.Build.0 = Release|x64
		{D4A7F29F-4574-36E6-9050-D92D42C0E3CD}.MinSizeRel|x64.ActiveCfg = MinSizeRel|x64
		{D4A7F29F-4574-36E6-9050-D92D42C0E3CD}.MinSizeRel|x64.Build.0 = MinSizeRel|x64
		{D4A7F29F-4574-36E6-9050-D92D42C0E3CD}.RelWithDebInfo|x64.ActiveCfg = RelWithDebInfo|x64
		{D4A7F29F-4574-36E6-9050-D92D42C0E3CD}.RelWithDebInfo|x64.Build.0 = RelWithDebInfo|x64
		{7B36E620-AAA7-33D7-AF72-5867979908DC}.Debug|x64.ActiveCfg = Debug|x64
		{7B36E620-AAA7-33D7-AF72-5867979908DC}.Debug|x64.Build.0 = Debug|x64
		{7B36E620-AAA7-33D7-AF72-5867979908DC}.Release|x64.ActiveCfg = Release|x64
		{7B36E620-AAA7-33D7-AF72-5867979908DC}.Release|x64.Build.0 = Release|x64
		{7B36E620-AAA7-33D7-AF72-5867979908DC}.MinSizeRel|x64.ActiveCfg = MinSizeRel|x64
		{7B36E620-AAA7-33D7-AF72-5867979908DC}.MinSizeRel|x64.Build.0 = MinSizeRel|x64
		{7B36E620-AAA7-33D7-AF72-5867979908DC}.RelWithDebInfo|x64.ActiveCfg = RelWithDebInfo|x64
		{7B36E620-AAA7-33D7-AF72-5867979908DC}.RelWithDebInfo|x64.Build.0 = RelWithDebInfo|x64
	EndGlobalSection
	GlobalSection(ExtensibilityGlobals) = postSolution
		SolutionGuid = {85F23F55-3B04-3155-A0A5-9BC7C692B077}
	EndGlobalSection
	GlobalSection(ExtensibilityAddIns) = postSolution
	EndGlobalSection
EndGlobal
