<?xml version="1.0" encoding="UTF-8"?>
<Project ToolsVersion="12.0" xmlns="http://schemas.microsoft.com/developer/msbuild/2003">
  <ItemGroup>
    <ClCompile Include="G:\cocos2d-x-3.0-oh\cocos\math\kazmath\kazmath\mat4.c">
      <Filter>Source Files</Filter>
    </ClCompile>
    <ClCompile Include="G:\cocos2d-x-3.0-oh\cocos\math\kazmath\kazmath\mat3.c">
      <Filter>Source Files</Filter>
    </ClCompile>
    <ClCompile Include="G:\cocos2d-x-3.0-oh\cocos\math\kazmath\kazmath\plane.c">
      <Filter>Source Files</Filter>
    </ClCompile>
    <ClCompile Include="G:\cocos2d-x-3.0-oh\cocos\math\kazmath\kazmath\vec4.c">
      <Filter>Source Files</Filter>
    </ClCompile>
    <ClCompile Include="G:\cocos2d-x-3.0-oh\cocos\math\kazmath\kazmath\quaternion.c">
      <Filter>Source Files</Filter>
    </ClCompile>
    <ClCompile Include="G:\cocos2d-x-3.0-oh\cocos\math\kazmath\kazmath\vec2.c">
      <Filter>Source Files</Filter>
    </ClCompile>
    <ClCompile Include="G:\cocos2d-x-3.0-oh\cocos\math\kazmath\kazmath\vec3.c">
      <Filter>Source Files</Filter>
    </ClCompile>
    <ClCompile Include="G:\cocos2d-x-3.0-oh\cocos\math\kazmath\kazmath\utility.c">
      <Filter>Source Files</Filter>
    </ClCompile>
    <ClCompile Include="G:\cocos2d-x-3.0-oh\cocos\math\kazmath\kazmath\aabb.c">
      <Filter>Source Files</Filter>
    </ClCompile>
    <ClCompile Include="G:\cocos2d-x-3.0-oh\cocos\math\kazmath\kazmath\ray2.c">
      <Filter>Source Files</Filter>
    </ClCompile>
    <ClCompile Include="G:\cocos2d-x-3.0-oh\cocos\math\kazmath\kazmath\ray3.c">
      <Filter>Source Files</Filter>
    </ClCompile>
    <ClCompile Include="G:\cocos2d-x-3.0-oh\cocos\math\kazmath\kazmath\GL\mat4stack.c">
      <Filter>Source Files</Filter>
    </ClCompile>
    <ClCompile Include="G:\cocos2d-x-3.0-oh\cocos\math\kazmath\kazmath\GL\matrix.c">
      <Filter>Source Files</Filter>
    </ClCompile>
  </ItemGroup>
  <ItemGroup>
    <CustomBuild Include="G:\cocos2d-x-3.0-oh\cocos\math\kazmath\kazmath\CMakeLists.txt" />
  </ItemGroup>
  <ItemGroup>
    <Filter Include="Source Files">
      <UniqueIdentifier>{62ADCCD1-7044-32C2-9523-8F88BFB2CA64}</UniqueIdentifier>
    </Filter>
  </ItemGroup>
</Project>
